// !$*UTF8*$!
{
	archiveVersion = 1;
	classes = {
	};
	objectVersion = 46;
	objects = {

/* Begin PBXBuildFile section */
		631A7E131D7D0542009D7CA7 /* FrmAssignmentList_Cell.swift in Sources */ = {isa = PBXBuildFile; fileRef = 631A7E121D7D0542009D7CA7 /* FrmAssignmentList_Cell.swift */; };
		631A7E521D7D0A68009D7CA7 /* uiviewcoViewController.swift in Sources */ = {isa = PBXBuildFile; fileRef = 631A7E511D7D0A68009D7CA7 /* uiviewcoViewController.swift */; };
		63641C731D7E78110083A9E6 /* SkyFloatingLabelTextField.swift in Sources */ = {isa = PBXBuildFile; fileRef = 63641C701D7E78110083A9E6 /* SkyFloatingLabelTextField.swift */; };
		63641C741D7E78110083A9E6 /* SkyFloatingLabelTextFieldWithIcon.swift in Sources */ = {isa = PBXBuildFile; fileRef = 63641C711D7E78110083A9E6 /* SkyFloatingLabelTextFieldWithIcon.swift */; };
		63641C751D7E78110083A9E6 /* UITextField+fixCaretPosition.swift in Sources */ = {isa = PBXBuildFile; fileRef = 63641C721D7E78110083A9E6 /* UITextField+fixCaretPosition.swift */; };
		63641C771D7E84920083A9E6 /* FrmNewAssignment.swift in Sources */ = {isa = PBXBuildFile; fileRef = 63641C761D7E84920083A9E6 /* FrmNewAssignment.swift */; };
		637643C91D7F83790093B774 /* ZFRippleButton.swift in Sources */ = {isa = PBXBuildFile; fileRef = 637643C81D7F83790093B774 /* ZFRippleButton.swift */; };
		639F3DF21D82472500C926DD /* Duration.swift in Sources */ = {isa = PBXBuildFile; fileRef = 639F3DEA1D82472500C926DD /* Duration.swift */; };
		639F3DF31D82472500C926DD /* Int+Timepiece.swift in Sources */ = {isa = PBXBuildFile; fileRef = 639F3DEB1D82472500C926DD /* Int+Timepiece.swift */; };
		639F3DF41D82472500C926DD /* NSCalendar+Timepiece.swift in Sources */ = {isa = PBXBuildFile; fileRef = 639F3DEC1D82472500C926DD /* NSCalendar+Timepiece.swift */; };
		639F3DF51D82472500C926DD /* NSDate+Timepiece.swift in Sources */ = {isa = PBXBuildFile; fileRef = 639F3DED1D82472500C926DD /* NSDate+Timepiece.swift */; };
		639F3DF61D82472500C926DD /* NSDateComponents+Timepiece.swift in Sources */ = {isa = PBXBuildFile; fileRef = 639F3DEE1D82472500C926DD /* NSDateComponents+Timepiece.swift */; };
		639F3DF71D82472500C926DD /* String+Timepiece.swift in Sources */ = {isa = PBXBuildFile; fileRef = 639F3DEF1D82472500C926DD /* String+Timepiece.swift */; };
		639F3DF81D82472500C926DD /* WWCalendarTimeSelector.storyboard in Resources */ = {isa = PBXBuildFile; fileRef = 639F3DF01D82472500C926DD /* WWCalendarTimeSelector.storyboard */; };
		639F3DF91D82472500C926DD /* WWCalendarTimeSelector.swift in Sources */ = {isa = PBXBuildFile; fileRef = 639F3DF11D82472500C926DD /* WWCalendarTimeSelector.swift */; };
		63A5AF6B1D7CB6A500EF3028 /* Gib.swift in Sources */ = {isa = PBXBuildFile; fileRef = 63A5AF6A1D7CB6A500EF3028 /* Gib.swift */; };
		63A5AF971D7CBD3100EF3028 /* TKAnimatedCheckButton.swift in Sources */ = {isa = PBXBuildFile; fileRef = 63A5AF961D7CBD3100EF3028 /* TKAnimatedCheckButton.swift */; };
		63A8AB8E1D7CC133002468E1 /* Assignments.swift in Sources */ = {isa = PBXBuildFile; fileRef = 63A8AB8D1D7CC133002468E1 /* Assignments.swift */; };
		63A8AB911D7CC57E002468E1 /* FrmAssignmentList.swift in Sources */ = {isa = PBXBuildFile; fileRef = 63A8AB901D7CC57E002468E1 /* FrmAssignmentList.swift */; };
		63A8ABA21D7CC7FA002468E1 /* Actual360.swift in Sources */ = {isa = PBXBuildFile; fileRef = 63A8AB931D7CC7FA002468E1 /* Actual360.swift */; };
		63A8ABA31D7CC7FA002468E1 /* Actual365Fixed.swift in Sources */ = {isa = PBXBuildFile; fileRef = 63A8AB941D7CC7FA002468E1 /* Actual365Fixed.swift */; };
		63A8ABA41D7CC7FA002468E1 /* ActualActual.swift in Sources */ = {isa = PBXBuildFile; fileRef = 63A8AB951D7CC7FA002468E1 /* ActualActual.swift */; };
		63A8ABA51D7CC7FA002468E1 /* BizDayRule.swift in Sources */ = {isa = PBXBuildFile; fileRef = 63A8AB961D7CC7FA002468E1 /* BizDayRule.swift */; };
		63A8ABA61D7CC7FA002468E1 /* Calendar.swift in Sources */ = {isa = PBXBuildFile; fileRef = 63A8AB971D7CC7FA002468E1 /* Calendar.swift */; };
		63A8ABA71D7CC7FA002468E1 /* Date.swift in Sources */ = {isa = PBXBuildFile; fileRef = 63A8AB981D7CC7FA002468E1 /* Date.swift */; };
		63A8ABA81D7CC7FA002468E1 /* DateHelpers.swift in Sources */ = {isa = PBXBuildFile; fileRef = 63A8AB991D7CC7FA002468E1 /* DateHelpers.swift */; };
		63A8ABA91D7CC7FA002468E1 /* DayCounter.swift in Sources */ = {isa = PBXBuildFile; fileRef = 63A8AB9A1D7CC7FA002468E1 /* DayCounter.swift */; };
		63A8ABAA1D7CC7FA002468E1 /* Info.plist in Resources */ = {isa = PBXBuildFile; fileRef = 63A8AB9B1D7CC7FA002468E1 /* Info.plist */; };
		63A8ABAB1D7CC7FA002468E1 /* NL365.swift in Sources */ = {isa = PBXBuildFile; fileRef = 63A8AB9C1D7CC7FA002468E1 /* NL365.swift */; };
		63A8ABAC1D7CC7FA002468E1 /* TargetCalendar.swift in Sources */ = {isa = PBXBuildFile; fileRef = 63A8AB9D1D7CC7FA002468E1 /* TargetCalendar.swift */; };
		63A8ABAD1D7CC7FA002468E1 /* Term.swift in Sources */ = {isa = PBXBuildFile; fileRef = 63A8AB9E1D7CC7FA002468E1 /* Term.swift */; };
		63A8ABAE1D7CC7FA002468E1 /* Thirty360.swift in Sources */ = {isa = PBXBuildFile; fileRef = 63A8AB9F1D7CC7FA002468E1 /* Thirty360.swift */; };
		63A8ABAF1D7CC7FA002468E1 /* UnitedKingdomCalendar.swift in Sources */ = {isa = PBXBuildFile; fileRef = 63A8ABA01D7CC7FA002468E1 /* UnitedKingdomCalendar.swift */; };
		63A8ABB01D7CC7FA002468E1 /* UnitedStatesCalendar.swift in Sources */ = {isa = PBXBuildFile; fileRef = 63A8ABA11D7CC7FA002468E1 /* UnitedStatesCalendar.swift */; };
		63D12D351D7C02100018651E /* AppDelegate.swift in Sources */ = {isa = PBXBuildFile; fileRef = 63D12D341D7C02100018651E /* AppDelegate.swift */; };
		63D12D371D7C02100018651E /* FrmClassList.swift in Sources */ = {isa = PBXBuildFile; fileRef = 63D12D361D7C02100018651E /* FrmClassList.swift */; };
		63D12D3C1D7C02100018651E /* Main.storyboard in Resources */ = {isa = PBXBuildFile; fileRef = 63D12D3A1D7C02100018651E /* Main.storyboard */; };
		63D12D3E1D7C02100018651E /* Assets.xcassets in Resources */ = {isa = PBXBuildFile; fileRef = 63D12D3D1D7C02100018651E /* Assets.xcassets */; };
		63D12D411D7C02100018651E /* LaunchScreen.storyboard in Resources */ = {isa = PBXBuildFile; fileRef = 63D12D3F1D7C02100018651E /* LaunchScreen.storyboard */; };
		63D12D4C1D7C02100018651E /* AssignmentsTests.swift in Sources */ = {isa = PBXBuildFile; fileRef = 63D12D4B1D7C02100018651E /* AssignmentsTests.swift */; };
		63D12D571D7C02100018651E /* AssignmentsUITests.swift in Sources */ = {isa = PBXBuildFile; fileRef = 63D12D561D7C02100018651E /* AssignmentsUITests.swift */; };
		63D51C831D7FBD1000CA5801 /* General.swift in Sources */ = {isa = PBXBuildFile; fileRef = 63D51C821D7FBD1000CA5801 /* General.swift */; };
		63D51C851D7FC27A00CA5801 /* Hash.swift in Sources */ = {isa = PBXBuildFile; fileRef = 63D51C841D7FC27A00CA5801 /* Hash.swift */; };
/* End PBXBuildFile section */

/* Begin PBXContainerItemProxy section */
		63D12D481D7C02100018651E /* PBXContainerItemProxy */ = {
			isa = PBXContainerItemProxy;
			containerPortal = 63D12D291D7C02100018651E /* Project object */;
			proxyType = 1;
			remoteGlobalIDString = 63D12D301D7C02100018651E;
			remoteInfo = Assignments;
		};
		63D12D531D7C02100018651E /* PBXContainerItemProxy */ = {
			isa = PBXContainerItemProxy;
			containerPortal = 63D12D291D7C02100018651E /* Project object */;
			proxyType = 1;
			remoteGlobalIDString = 63D12D301D7C02100018651E;
			remoteInfo = Assignments;
		};
/* End PBXContainerItemProxy section */

/* Begin PBXFileReference section */
		631A7E121D7D0542009D7CA7 /* FrmAssignmentList_Cell.swift */ = {isa = PBXFileReference; fileEncoding = 4; lastKnownFileType = sourcecode.swift; path = FrmAssignmentList_Cell.swift; sourceTree = "<group>"; };
		631A7E511D7D0A68009D7CA7 /* uiviewcoViewController.swift */ = {isa = PBXFileReference; fileEncoding = 4; lastKnownFileType = sourcecode.swift; path = uiviewcoViewController.swift; sourceTree = "<group>"; };
		63641C701D7E78110083A9E6 /* SkyFloatingLabelTextField.swift */ = {isa = PBXFileReference; fileEncoding = 4; lastKnownFileType = sourcecode.swift; path = SkyFloatingLabelTextField.swift; sourceTree = "<group>"; };
		63641C711D7E78110083A9E6 /* SkyFloatingLabelTextFieldWithIcon.swift */ = {isa = PBXFileReference; fileEncoding = 4; lastKnownFileType = sourcecode.swift; path = SkyFloatingLabelTextFieldWithIcon.swift; sourceTree = "<group>"; };
		63641C721D7E78110083A9E6 /* UITextField+fixCaretPosition.swift */ = {isa = PBXFileReference; fileEncoding = 4; lastKnownFileType = sourcecode.swift; path = "UITextField+fixCaretPosition.swift"; sourceTree = "<group>"; };
		63641C761D7E84920083A9E6 /* FrmNewAssignment.swift */ = {isa = PBXFileReference; fileEncoding = 4; lastKnownFileType = sourcecode.swift; path = FrmNewAssignment.swift; sourceTree = "<group>"; };
		637643C81D7F83790093B774 /* ZFRippleButton.swift */ = {isa = PBXFileReference; fileEncoding = 4; lastKnownFileType = sourcecode.swift; path = ZFRippleButton.swift; sourceTree = "<group>"; };
		639F3DEA1D82472500C926DD /* Duration.swift */ = {isa = PBXFileReference; fileEncoding = 4; lastKnownFileType = sourcecode.swift; path = Duration.swift; sourceTree = "<group>"; };
		639F3DEB1D82472500C926DD /* Int+Timepiece.swift */ = {isa = PBXFileReference; fileEncoding = 4; lastKnownFileType = sourcecode.swift; path = "Int+Timepiece.swift"; sourceTree = "<group>"; };
		639F3DEC1D82472500C926DD /* NSCalendar+Timepiece.swift */ = {isa = PBXFileReference; fileEncoding = 4; lastKnownFileType = sourcecode.swift; path = "NSCalendar+Timepiece.swift"; sourceTree = "<group>"; };
		639F3DED1D82472500C926DD /* NSDate+Timepiece.swift */ = {isa = PBXFileReference; fileEncoding = 4; lastKnownFileType = sourcecode.swift; path = "NSDate+Timepiece.swift"; sourceTree = "<group>"; };
		639F3DEE1D82472500C926DD /* NSDateComponents+Timepiece.swift */ = {isa = PBXFileReference; fileEncoding = 4; lastKnownFileType = sourcecode.swift; path = "NSDateComponents+Timepiece.swift"; sourceTree = "<group>"; };
		639F3DEF1D82472500C926DD /* String+Timepiece.swift */ = {isa = PBXFileReference; fileEncoding = 4; lastKnownFileType = sourcecode.swift; path = "String+Timepiece.swift"; sourceTree = "<group>"; };
		639F3DF01D82472500C926DD /* WWCalendarTimeSelector.storyboard */ = {isa = PBXFileReference; fileEncoding = 4; lastKnownFileType = file.storyboard; path = WWCalendarTimeSelector.storyboard; sourceTree = "<group>"; };
		639F3DF11D82472500C926DD /* WWCalendarTimeSelector.swift */ = {isa = PBXFileReference; fileEncoding = 4; lastKnownFileType = sourcecode.swift; path = WWCalendarTimeSelector.swift; sourceTree = "<group>"; };
		63A5AF6A1D7CB6A500EF3028 /* Gib.swift */ = {isa = PBXFileReference; fileEncoding = 4; lastKnownFileType = sourcecode.swift; path = Gib.swift; sourceTree = "<group>"; };
		63A5AF961D7CBD3100EF3028 /* TKAnimatedCheckButton.swift */ = {isa = PBXFileReference; fileEncoding = 4; lastKnownFileType = sourcecode.swift; path = TKAnimatedCheckButton.swift; sourceTree = "<group>"; };
		63A8AB8D1D7CC133002468E1 /* Assignments.swift */ = {isa = PBXFileReference; fileEncoding = 4; lastKnownFileType = sourcecode.swift; path = Assignments.swift; sourceTree = "<group>"; };
		63A8AB901D7CC57E002468E1 /* FrmAssignmentList.swift */ = {isa = PBXFileReference; fileEncoding = 4; lastKnownFileType = sourcecode.swift; path = FrmAssignmentList.swift; sourceTree = "<group>"; };
		63A8AB931D7CC7FA002468E1 /* Actual360.swift */ = {isa = PBXFileReference; fileEncoding = 4; lastKnownFileType = sourcecode.swift; path = Actual360.swift; sourceTree = "<group>"; };
		63A8AB941D7CC7FA002468E1 /* Actual365Fixed.swift */ = {isa = PBXFileReference; fileEncoding = 4; lastKnownFileType = sourcecode.swift; path = Actual365Fixed.swift; sourceTree = "<group>"; };
		63A8AB951D7CC7FA002468E1 /* ActualActual.swift */ = {isa = PBXFileReference; fileEncoding = 4; lastKnownFileType = sourcecode.swift; path = ActualActual.swift; sourceTree = "<group>"; };
		63A8AB961D7CC7FA002468E1 /* BizDayRule.swift */ = {isa = PBXFileReference; fileEncoding = 4; lastKnownFileType = sourcecode.swift; path = BizDayRule.swift; sourceTree = "<group>"; };
		63A8AB971D7CC7FA002468E1 /* Calendar.swift */ = {isa = PBXFileReference; fileEncoding = 4; lastKnownFileType = sourcecode.swift; path = Calendar.swift; sourceTree = "<group>"; };
		63A8AB981D7CC7FA002468E1 /* Date.swift */ = {isa = PBXFileReference; fileEncoding = 4; lastKnownFileType = sourcecode.swift; path = Date.swift; sourceTree = "<group>"; };
		63A8AB991D7CC7FA002468E1 /* DateHelpers.swift */ = {isa = PBXFileReference; fileEncoding = 4; lastKnownFileType = sourcecode.swift; path = DateHelpers.swift; sourceTree = "<group>"; };
		63A8AB9A1D7CC7FA002468E1 /* DayCounter.swift */ = {isa = PBXFileReference; fileEncoding = 4; lastKnownFileType = sourcecode.swift; path = DayCounter.swift; sourceTree = "<group>"; };
		63A8AB9B1D7CC7FA002468E1 /* Info.plist */ = {isa = PBXFileReference; fileEncoding = 4; lastKnownFileType = text.plist.xml; path = Info.plist; sourceTree = "<group>"; };
		63A8AB9C1D7CC7FA002468E1 /* NL365.swift */ = {isa = PBXFileReference; fileEncoding = 4; lastKnownFileType = sourcecode.swift; path = NL365.swift; sourceTree = "<group>"; };
		63A8AB9D1D7CC7FA002468E1 /* TargetCalendar.swift */ = {isa = PBXFileReference; fileEncoding = 4; lastKnownFileType = sourcecode.swift; path = TargetCalendar.swift; sourceTree = "<group>"; };
		63A8AB9E1D7CC7FA002468E1 /* Term.swift */ = {isa = PBXFileReference; fileEncoding = 4; lastKnownFileType = sourcecode.swift; path = Term.swift; sourceTree = "<group>"; };
		63A8AB9F1D7CC7FA002468E1 /* Thirty360.swift */ = {isa = PBXFileReference; fileEncoding = 4; lastKnownFileType = sourcecode.swift; path = Thirty360.swift; sourceTree = "<group>"; };
		63A8ABA01D7CC7FA002468E1 /* UnitedKingdomCalendar.swift */ = {isa = PBXFileReference; fileEncoding = 4; lastKnownFileType = sourcecode.swift; path = UnitedKingdomCalendar.swift; sourceTree = "<group>"; };
		63A8ABA11D7CC7FA002468E1 /* UnitedStatesCalendar.swift */ = {isa = PBXFileReference; fileEncoding = 4; lastKnownFileType = sourcecode.swift; path = UnitedStatesCalendar.swift; sourceTree = "<group>"; };
		63D12D311D7C02100018651E /* Assignments.app */ = {isa = PBXFileReference; explicitFileType = wrapper.application; includeInIndex = 0; path = Assignments.app; sourceTree = BUILT_PRODUCTS_DIR; };
		63D12D341D7C02100018651E /* AppDelegate.swift */ = {isa = PBXFileReference; lastKnownFileType = sourcecode.swift; path = AppDelegate.swift; sourceTree = "<group>"; };
		63D12D361D7C02100018651E /* FrmClassList.swift */ = {isa = PBXFileReference; lastKnownFileType = sourcecode.swift; path = FrmClassList.swift; sourceTree = "<group>"; };
		63D12D3B1D7C02100018651E /* Base */ = {isa = PBXFileReference; lastKnownFileType = file.storyboard; name = Base; path = Base.lproj/Main.storyboard; sourceTree = "<group>"; };
		63D12D3D1D7C02100018651E /* Assets.xcassets */ = {isa = PBXFileReference; lastKnownFileType = folder.assetcatalog; path = Assets.xcassets; sourceTree = "<group>"; };
		63D12D401D7C02100018651E /* Base */ = {isa = PBXFileReference; lastKnownFileType = file.storyboard; name = Base; path = Base.lproj/LaunchScreen.storyboard; sourceTree = "<group>"; };
		63D12D421D7C02100018651E /* Info.plist */ = {isa = PBXFileReference; lastKnownFileType = text.plist.xml; path = Info.plist; sourceTree = "<group>"; };
		63D12D471D7C02100018651E /* AssignmentsTests.xctest */ = {isa = PBXFileReference; explicitFileType = wrapper.cfbundle; includeInIndex = 0; path = AssignmentsTests.xctest; sourceTree = BUILT_PRODUCTS_DIR; };
		63D12D4B1D7C02100018651E /* AssignmentsTests.swift */ = {isa = PBXFileReference; lastKnownFileType = sourcecode.swift; path = AssignmentsTests.swift; sourceTree = "<group>"; };
		63D12D4D1D7C02100018651E /* Info.plist */ = {isa = PBXFileReference; lastKnownFileType = text.plist.xml; path = Info.plist; sourceTree = "<group>"; };
		63D12D521D7C02100018651E /* AssignmentsUITests.xctest */ = {isa = PBXFileReference; explicitFileType = wrapper.cfbundle; includeInIndex = 0; path = AssignmentsUITests.xctest; sourceTree = BUILT_PRODUCTS_DIR; };
		63D12D561D7C02100018651E /* AssignmentsUITests.swift */ = {isa = PBXFileReference; lastKnownFileType = sourcecode.swift; path = AssignmentsUITests.swift; sourceTree = "<group>"; };
		63D12D581D7C02100018651E /* Info.plist */ = {isa = PBXFileReference; lastKnownFileType = text.plist.xml; path = Info.plist; sourceTree = "<group>"; };
		63D51C821D7FBD1000CA5801 /* General.swift */ = {isa = PBXFileReference; fileEncoding = 4; lastKnownFileType = sourcecode.swift; path = General.swift; sourceTree = "<group>"; };
		63D51C841D7FC27A00CA5801 /* Hash.swift */ = {isa = PBXFileReference; fileEncoding = 4; lastKnownFileType = sourcecode.swift; path = Hash.swift; sourceTree = "<group>"; };
/* End PBXFileReference section */

/* Begin PBXFrameworksBuildPhase section */
		63D12D2E1D7C02100018651E /* Frameworks */ = {
			isa = PBXFrameworksBuildPhase;
			buildActionMask = 2147483647;
			files = (
			);
			runOnlyForDeploymentPostprocessing = 0;
		};
		63D12D441D7C02100018651E /* Frameworks */ = {
			isa = PBXFrameworksBuildPhase;
			buildActionMask = 2147483647;
			files = (
			);
			runOnlyForDeploymentPostprocessing = 0;
		};
		63D12D4F1D7C02100018651E /* Frameworks */ = {
			isa = PBXFrameworksBuildPhase;
			buildActionMask = 2147483647;
			files = (
			);
			runOnlyForDeploymentPostprocessing = 0;
		};
/* End PBXFrameworksBuildPhase section */

/* Begin PBXGroup section */
		631A7E141D7D054D009D7CA7 /* Forms */ = {
			isa = PBXGroup;
			children = (
				63D12D361D7C02100018651E /* FrmClassList.swift */,
				631A7E511D7D0A68009D7CA7 /* uiviewcoViewController.swift */,
				63A8AB901D7CC57E002468E1 /* FrmAssignmentList.swift */,
				631A7E121D7D0542009D7CA7 /* FrmAssignmentList_Cell.swift */,
				63641C761D7E84920083A9E6 /* FrmNewAssignment.swift */,
			);
			name = Forms;
			sourceTree = "<group>";
		};
		63641C6F1D7E78110083A9E6 /* SkyFloatingLabelTextField */ = {
			isa = PBXGroup;
			children = (
				63641C701D7E78110083A9E6 /* SkyFloatingLabelTextField.swift */,
				63641C711D7E78110083A9E6 /* SkyFloatingLabelTextFieldWithIcon.swift */,
				63641C721D7E78110083A9E6 /* UITextField+fixCaretPosition.swift */,
			);
			name = SkyFloatingLabelTextField;
			path = Sources;
			sourceTree = "<group>";
		};
		639F3DE91D82472500C926DD /* WWCalendarTimeSelector */ = {
			isa = PBXGroup;
			children = (
				639F3DEA1D82472500C926DD /* Duration.swift */,
				639F3DEB1D82472500C926DD /* Int+Timepiece.swift */,
				639F3DEC1D82472500C926DD /* NSCalendar+Timepiece.swift */,
				639F3DED1D82472500C926DD /* NSDate+Timepiece.swift */,
				639F3DEE1D82472500C926DD /* NSDateComponents+Timepiece.swift */,
				639F3DEF1D82472500C926DD /* String+Timepiece.swift */,
				639F3DF01D82472500C926DD /* WWCalendarTimeSelector.storyboard */,
				639F3DF11D82472500C926DD /* WWCalendarTimeSelector.swift */,
			);
			path = WWCalendarTimeSelector;
			sourceTree = "<group>";
		};
		63A5AF6C1D7CB84D00EF3028 /* Third-Parties */ = {
			isa = PBXGroup;
			children = (
				639F3DE91D82472500C926DD /* WWCalendarTimeSelector */,
				63641C6F1D7E78110083A9E6 /* SkyFloatingLabelTextField */,
				63A8AB921D7CC7FA002468E1 /* SwiftDate */,
				63A5AF961D7CBD3100EF3028 /* TKAnimatedCheckButton.swift */,
				637643C81D7F83790093B774 /* ZFRippleButton.swift */,
			);
			name = "Third-Parties";
			sourceTree = "<group>";
		};
		63A8AB8F1D7CC274002468E1 /* Classes */ = {
			isa = PBXGroup;
			children = (
				63A8AB8D1D7CC133002468E1 /* Assignments.swift */,
				63A5AF6A1D7CB6A500EF3028 /* Gib.swift */,
				63D51C821D7FBD1000CA5801 /* General.swift */,
				63D51C841D7FC27A00CA5801 /* Hash.swift */,
			);
			name = Classes;
			sourceTree = "<group>";
		};
		63A8AB921D7CC7FA002468E1 /* SwiftDate */ = {
			isa = PBXGroup;
			children = (
				63A8AB931D7CC7FA002468E1 /* Actual360.swift */,
				63A8AB941D7CC7FA002468E1 /* Actual365Fixed.swift */,
				63A8AB951D7CC7FA002468E1 /* ActualActual.swift */,
				63A8AB961D7CC7FA002468E1 /* BizDayRule.swift */,
				63A8AB971D7CC7FA002468E1 /* Calendar.swift */,
				63A8AB981D7CC7FA002468E1 /* Date.swift */,
				63A8AB991D7CC7FA002468E1 /* DateHelpers.swift */,
				63A8AB9A1D7CC7FA002468E1 /* DayCounter.swift */,
				63A8AB9B1D7CC7FA002468E1 /* Info.plist */,
				63A8AB9C1D7CC7FA002468E1 /* NL365.swift */,
				63A8AB9D1D7CC7FA002468E1 /* TargetCalendar.swift */,
				63A8AB9E1D7CC7FA002468E1 /* Term.swift */,
				63A8AB9F1D7CC7FA002468E1 /* Thirty360.swift */,
				63A8ABA01D7CC7FA002468E1 /* UnitedKingdomCalendar.swift */,
				63A8ABA11D7CC7FA002468E1 /* UnitedStatesCalendar.swift */,
			);
			path = SwiftDate;
			sourceTree = "<group>";
		};
		63D12D281D7C02100018651E = {
			isa = PBXGroup;
			children = (
				63D12D331D7C02100018651E /* Assignments */,
				63D12D4A1D7C02100018651E /* AssignmentsTests */,
				63D12D551D7C02100018651E /* AssignmentsUITests */,
				63D12D321D7C02100018651E /* Products */,
			);
			sourceTree = "<group>";
		};
		63D12D321D7C02100018651E /* Products */ = {
			isa = PBXGroup;
			children = (
				63D12D311D7C02100018651E /* Assignments.app */,
				63D12D471D7C02100018651E /* AssignmentsTests.xctest */,
				63D12D521D7C02100018651E /* AssignmentsUITests.xctest */,
			);
			name = Products;
			sourceTree = "<group>";
		};
		63D12D331D7C02100018651E /* Assignments */ = {
			isa = PBXGroup;
			children = (
				63D12D341D7C02100018651E /* AppDelegate.swift */,
				63D12D3A1D7C02100018651E /* Main.storyboard */,
				63D12D3D1D7C02100018651E /* Assets.xcassets */,
				63D12D3F1D7C02100018651E /* LaunchScreen.storyboard */,
				63D12D421D7C02100018651E /* Info.plist */,
				631A7E141D7D054D009D7CA7 /* Forms */,
				63A8AB8F1D7CC274002468E1 /* Classes */,
				63A5AF6C1D7CB84D00EF3028 /* Third-Parties */,
			);
			path = Assignments;
			sourceTree = "<group>";
		};
		63D12D4A1D7C02100018651E /* AssignmentsTests */ = {
			isa = PBXGroup;
			children = (
				63D12D4B1D7C02100018651E /* AssignmentsTests.swift */,
				63D12D4D1D7C02100018651E /* Info.plist */,
			);
			path = AssignmentsTests;
			sourceTree = "<group>";
		};
		63D12D551D7C02100018651E /* AssignmentsUITests */ = {
			isa = PBXGroup;
			children = (
				63D12D561D7C02100018651E /* AssignmentsUITests.swift */,
				63D12D581D7C02100018651E /* Info.plist */,
			);
			path = AssignmentsUITests;
			sourceTree = "<group>";
		};
/* End PBXGroup section */

/* Begin PBXNativeTarget section */
		63D12D301D7C02100018651E /* Assignments */ = {
			isa = PBXNativeTarget;
			buildConfigurationList = 63D12D5B1D7C02100018651E /* Build configuration list for PBXNativeTarget "Assignments" */;
			buildPhases = (
				63D12D2D1D7C02100018651E /* Sources */,
				63D12D2E1D7C02100018651E /* Frameworks */,
				63D12D2F1D7C02100018651E /* Resources */,
			);
			buildRules = (
			);
			dependencies = (
			);
			name = Assignments;
			productName = Assignments;
			productReference = 63D12D311D7C02100018651E /* Assignments.app */;
			productType = "com.apple.product-type.application";
		};
		63D12D461D7C02100018651E /* AssignmentsTests */ = {
			isa = PBXNativeTarget;
			buildConfigurationList = 63D12D5E1D7C02100018651E /* Build configuration list for PBXNativeTarget "AssignmentsTests" */;
			buildPhases = (
				63D12D431D7C02100018651E /* Sources */,
				63D12D441D7C02100018651E /* Frameworks */,
				63D12D451D7C02100018651E /* Resources */,
			);
			buildRules = (
			);
			dependencies = (
				63D12D491D7C02100018651E /* PBXTargetDependency */,
			);
			name = AssignmentsTests;
			productName = AssignmentsTests;
			productReference = 63D12D471D7C02100018651E /* AssignmentsTests.xctest */;
			productType = "com.apple.product-type.bundle.unit-test";
		};
		63D12D511D7C02100018651E /* AssignmentsUITests */ = {
			isa = PBXNativeTarget;
			buildConfigurationList = 63D12D611D7C02100018651E /* Build configuration list for PBXNativeTarget "AssignmentsUITests" */;
			buildPhases = (
				63D12D4E1D7C02100018651E /* Sources */,
				63D12D4F1D7C02100018651E /* Frameworks */,
				63D12D501D7C02100018651E /* Resources */,
			);
			buildRules = (
			);
			dependencies = (
				63D12D541D7C02100018651E /* PBXTargetDependency */,
			);
			name = AssignmentsUITests;
			productName = AssignmentsUITests;
			productReference = 63D12D521D7C02100018651E /* AssignmentsUITests.xctest */;
			productType = "com.apple.product-type.bundle.ui-testing";
		};
/* End PBXNativeTarget section */

/* Begin PBXProject section */
		63D12D291D7C02100018651E /* Project object */ = {
			isa = PBXProject;
			attributes = {
				LastSwiftUpdateCheck = 0730;
				LastUpgradeCheck = 0730;
				ORGANIZATIONNAME = "David Chen";
				TargetAttributes = {
					63D12D301D7C02100018651E = {
						CreatedOnToolsVersion = 7.3.1;
						DevelopmentTeam = FLLKWS94W7;
					};
					63D12D461D7C02100018651E = {
						CreatedOnToolsVersion = 7.3.1;
						TestTargetID = 63D12D301D7C02100018651E;
					};
					63D12D511D7C02100018651E = {
						CreatedOnToolsVersion = 7.3.1;
						TestTargetID = 63D12D301D7C02100018651E;
					};
				};
			};
			buildConfigurationList = 63D12D2C1D7C02100018651E /* Build configuration list for PBXProject "Assignments" */;
			compatibilityVersion = "Xcode 3.2";
			developmentRegion = English;
			hasScannedForEncodings = 0;
			knownRegions = (
				en,
				Base,
			);
			mainGroup = 63D12D281D7C02100018651E;
			productRefGroup = 63D12D321D7C02100018651E /* Products */;
			projectDirPath = "";
			projectRoot = "";
			targets = (
				63D12D301D7C02100018651E /* Assignments */,
				63D12D461D7C02100018651E /* AssignmentsTests */,
				63D12D511D7C02100018651E /* AssignmentsUITests */,
			);
		};
/* End PBXProject section */

/* Begin PBXResourcesBuildPhase section */
		63D12D2F1D7C02100018651E /* Resources */ = {
			isa = PBXResourcesBuildPhase;
			buildActionMask = 2147483647;
			files = (
				63A8ABAA1D7CC7FA002468E1 /* Info.plist in Resources */,
				639F3DF81D82472500C926DD /* WWCalendarTimeSelector.storyboard in Resources */,
				63D12D411D7C02100018651E /* LaunchScreen.storyboard in Resources */,
				63D12D3E1D7C02100018651E /* Assets.xcassets in Resources */,
				63D12D3C1D7C02100018651E /* Main.storyboard in Resources */,
			);
			runOnlyForDeploymentPostprocessing = 0;
		};
		63D12D451D7C02100018651E /* Resources */ = {
			isa = PBXResourcesBuildPhase;
			buildActionMask = 2147483647;
			files = (
			);
			runOnlyForDeploymentPostprocessing = 0;
		};
		63D12D501D7C02100018651E /* Resources */ = {
			isa = PBXResourcesBuildPhase;
			buildActionMask = 2147483647;
			files = (
			);
			runOnlyForDeploymentPostprocessing = 0;
		};
/* End PBXResourcesBuildPhase section */

/* Begin PBXSourcesBuildPhase section */
		63D12D2D1D7C02100018651E /* Sources */ = {
			isa = PBXSourcesBuildPhase;
			buildActionMask = 2147483647;
			files = (
				639F3DF71D82472500C926DD /* String+Timepiece.swift in Sources */,
				63D51C851D7FC27A00CA5801 /* Hash.swift in Sources */,
				63641C751D7E78110083A9E6 /* UITextField+fixCaretPosition.swift in Sources */,
				639F3DF51D82472500C926DD /* NSDate+Timepiece.swift in Sources */,
				63A8ABB01D7CC7FA002468E1 /* UnitedStatesCalendar.swift in Sources */,
				63A8ABA31D7CC7FA002468E1 /* Actual365Fixed.swift in Sources */,
				63A8ABA91D7CC7FA002468E1 /* DayCounter.swift in Sources */,
				63A8AB8E1D7CC133002468E1 /* Assignments.swift in Sources */,
				63A8ABA81D7CC7FA002468E1 /* DateHelpers.swift in Sources */,
				63641C731D7E78110083A9E6 /* SkyFloatingLabelTextField.swift in Sources */,
				63A8ABA41D7CC7FA002468E1 /* ActualActual.swift in Sources */,
				63A8ABAE1D7CC7FA002468E1 /* Thirty360.swift in Sources */,
				63A8AB911D7CC57E002468E1 /* FrmAssignmentList.swift in Sources */,
				63D12D371D7C02100018651E /* FrmClassList.swift in Sources */,
				63A8ABA51D7CC7FA002468E1 /* BizDayRule.swift in Sources */,
				63A8ABA61D7CC7FA002468E1 /* Calendar.swift in Sources */,
				63641C771D7E84920083A9E6 /* FrmNewAssignment.swift in Sources */,
				639F3DF21D82472500C926DD /* Duration.swift in Sources */,
				639F3DF41D82472500C926DD /* NSCalendar+Timepiece.swift in Sources */,
				63A5AF971D7CBD3100EF3028 /* TKAnimatedCheckButton.swift in Sources */,
				637643C91D7F83790093B774 /* ZFRippleButton.swift in Sources */,
				63A8ABAD1D7CC7FA002468E1 /* Term.swift in Sources */,
				631A7E521D7D0A68009D7CA7 /* uiviewcoViewController.swift in Sources */,
				639F3DF61D82472500C926DD /* NSDateComponents+Timepiece.swift in Sources */,
				63A8ABA21D7CC7FA002468E1 /* Actual360.swift in Sources */,
				63A8ABAF1D7CC7FA002468E1 /* UnitedKingdomCalendar.swift in Sources */,
				63A5AF6B1D7CB6A500EF3028 /* Gib.swift in Sources */,
				639F3DF91D82472500C926DD /* WWCalendarTimeSelector.swift in Sources */,
				63A8ABA71D7CC7FA002468E1 /* Date.swift in Sources */,
				63641C741D7E78110083A9E6 /* SkyFloatingLabelTextFieldWithIcon.swift in Sources */,
				63A8ABAB1D7CC7FA002468E1 /* NL365.swift in Sources */,
				639F3DF31D82472500C926DD /* Int+Timepiece.swift in Sources */,
				63D12D351D7C02100018651E /* AppDelegate.swift in Sources */,
				631A7E131D7D0542009D7CA7 /* FrmAssignmentList_Cell.swift in Sources */,
				63D51C831D7FBD1000CA5801 /* General.swift in Sources */,
				63A8ABAC1D7CC7FA002468E1 /* TargetCalendar.swift in Sources */,
			);
			runOnlyForDeploymentPostprocessing = 0;
		};
		63D12D431D7C02100018651E /* Sources */ = {
			isa = PBXSourcesBuildPhase;
			buildActionMask = 2147483647;
			files = (
				63D12D4C1D7C02100018651E /* AssignmentsTests.swift in Sources */,
			);
			runOnlyForDeploymentPostprocessing = 0;
		};
		63D12D4E1D7C02100018651E /* Sources */ = {
			isa = PBXSourcesBuildPhase;
			buildActionMask = 2147483647;
			files = (
				63D12D571D7C02100018651E /* AssignmentsUITests.swift in Sources */,
			);
			runOnlyForDeploymentPostprocessing = 0;
		};
/* End PBXSourcesBuildPhase section */

/* Begin PBXTargetDependency section */
		63D12D491D7C02100018651E /* PBXTargetDependency */ = {
			isa = PBXTargetDependency;
			target = 63D12D301D7C02100018651E /* Assignments */;
			targetProxy = 63D12D481D7C02100018651E /* PBXContainerItemProxy */;
		};
		63D12D541D7C02100018651E /* PBXTargetDependency */ = {
			isa = PBXTargetDependency;
			target = 63D12D301D7C02100018651E /* Assignments */;
			targetProxy = 63D12D531D7C02100018651E /* PBXContainerItemProxy */;
		};
/* End PBXTargetDependency section */

/* Begin PBXVariantGroup section */
		63D12D3A1D7C02100018651E /* Main.storyboard */ = {
			isa = PBXVariantGroup;
			children = (
				63D12D3B1D7C02100018651E /* Base */,
			);
			name = Main.storyboard;
			sourceTree = "<group>";
		};
		63D12D3F1D7C02100018651E /* LaunchScreen.storyboard */ = {
			isa = PBXVariantGroup;
			children = (
				63D12D401D7C02100018651E /* Base */,
			);
			name = LaunchScreen.storyboard;
			sourceTree = "<group>";
		};
/* End PBXVariantGroup section */

/* Begin XCBuildConfiguration section */
		63D12D591D7C02100018651E /* Debug */ = {
			isa = XCBuildConfiguration;
			buildSettings = {
				ALWAYS_SEARCH_USER_PATHS = NO;
				CLANG_ANALYZER_NONNULL = YES;
				CLANG_CXX_LANGUAGE_STANDARD = "gnu++0x";
				CLANG_CXX_LIBRARY = "libc++";
				CLANG_ENABLE_MODULES = YES;
				CLANG_ENABLE_OBJC_ARC = YES;
				CLANG_WARN_BOOL_CONVERSION = YES;
				CLANG_WARN_CONSTANT_CONVERSION = YES;
				CLANG_WARN_DIRECT_OBJC_ISA_USAGE = YES_ERROR;
				CLANG_WARN_EMPTY_BODY = YES;
				CLANG_WARN_ENUM_CONVERSION = YES;
				CLANG_WARN_INT_CONVERSION = YES;
				CLANG_WARN_OBJC_ROOT_CLASS = YES_ERROR;
				CLANG_WARN_UNREACHABLE_CODE = YES;
				CLANG_WARN__DUPLICATE_METHOD_MATCH = YES;
				"CODE_SIGN_IDENTITY[sdk=iphoneos*]" = "iPhone Developer";
				COPY_PHASE_STRIP = NO;
				DEBUG_INFORMATION_FORMAT = dwarf;
				ENABLE_STRICT_OBJC_MSGSEND = YES;
				ENABLE_TESTABILITY = YES;
				GCC_C_LANGUAGE_STANDARD = gnu99;
				GCC_DYNAMIC_NO_PIC = NO;
				GCC_NO_COMMON_BLOCKS = YES;
				GCC_OPTIMIZATION_LEVEL = 0;
				GCC_PREPROCESSOR_DEFINITIONS = (
					"DEBUG=1",
					"$(inherited)",
				);
				GCC_WARN_64_TO_32_BIT_CONVERSION = YES;
				GCC_WARN_ABOUT_RETURN_TYPE = YES_ERROR;
				GCC_WARN_UNDECLARED_SELECTOR = YES;
				GCC_WARN_UNINITIALIZED_AUTOS = YES_AGGRESSIVE;
				GCC_WARN_UNUSED_FUNCTION = YES;
				GCC_WARN_UNUSED_VARIABLE = YES;
				IPHONEOS_DEPLOYMENT_TARGET = 9.3;
				MTL_ENABLE_DEBUG_INFO = YES;
				ONLY_ACTIVE_ARCH = YES;
				SDKROOT = iphoneos;
				SWIFT_OPTIMIZATION_LEVEL = "-Onone";
				TARGETED_DEVICE_FAMILY = 2;
			};
			name = Debug;
		};
		63D12D5A1D7C02100018651E /* Release */ = {
			isa = XCBuildConfiguration;
			buildSettings = {
				ALWAYS_SEARCH_USER_PATHS = NO;
				CLANG_ANALYZER_NONNULL = YES;
				CLANG_CXX_LANGUAGE_STANDARD = "gnu++0x";
				CLANG_CXX_LIBRARY = "libc++";
				CLANG_ENABLE_MODULES = YES;
				CLANG_ENABLE_OBJC_ARC = YES;
				CLANG_WARN_BOOL_CONVERSION = YES;
				CLANG_WARN_CONSTANT_CONVERSION = YES;
				CLANG_WARN_DIRECT_OBJC_ISA_USAGE = YES_ERROR;
				CLANG_WARN_EMPTY_BODY = YES;
				CLANG_WARN_ENUM_CONVERSION = YES;
				CLANG_WARN_INT_CONVERSION = YES;
				CLANG_WARN_OBJC_ROOT_CLASS = YES_ERROR;
				CLANG_WARN_UNREACHABLE_CODE = YES;
				CLANG_WARN__DUPLICATE_METHOD_MATCH = YES;
				"CODE_SIGN_IDENTITY[sdk=iphoneos*]" = "iPhone Developer";
				COPY_PHASE_STRIP = NO;
				DEBUG_INFORMATION_FORMAT = "dwarf-with-dsym";
				ENABLE_NS_ASSERTIONS = NO;
				ENABLE_STRICT_OBJC_MSGSEND = YES;
				GCC_C_LANGUAGE_STANDARD = gnu99;
				GCC_NO_COMMON_BLOCKS = YES;
				GCC_WARN_64_TO_32_BIT_CONVERSION = YES;
				GCC_WARN_ABOUT_RETURN_TYPE = YES_ERROR;
				GCC_WARN_UNDECLARED_SELECTOR = YES;
				GCC_WARN_UNINITIALIZED_AUTOS = YES_AGGRESSIVE;
				GCC_WARN_UNUSED_FUNCTION = YES;
				GCC_WARN_UNUSED_VARIABLE = YES;
				IPHONEOS_DEPLOYMENT_TARGET = 9.3;
				MTL_ENABLE_DEBUG_INFO = NO;
				SDKROOT = iphoneos;
				TARGETED_DEVICE_FAMILY = 2;
				VALIDATE_PRODUCT = YES;
			};
			name = Release;
		};
		63D12D5C1D7C02100018651E /* Debug */ = {
			isa = XCBuildConfiguration;
			buildSettings = {
				ASSETCATALOG_COMPILER_APPICON_NAME = AppIcon;
				CODE_SIGN_IDENTITY = "iPhone Developer";
				"CODE_SIGN_IDENTITY[sdk=iphoneos*]" = "iPhone Developer";
				INFOPLIST_FILE = Assignments/Info.plist;
				IPHONEOS_DEPLOYMENT_TARGET = 9.0;
				LD_RUNPATH_SEARCH_PATHS = "$(inherited) @executable_path/Frameworks";
				PRODUCT_BUNDLE_IDENTIFIER = cc.cwsoft.Assignments;
				PRODUCT_NAME = "$(TARGET_NAME)";
				PROVISIONING_PROFILE = "";
				TARGETED_DEVICE_FAMILY = 2;
			};
			name = Debug;
		};
		63D12D5D1D7C02100018651E /* Release */ = {
			isa = XCBuildConfiguration;
			buildSettings = {
				ASSETCATALOG_COMPILER_APPICON_NAME = AppIcon;
				CODE_SIGN_IDENTITY = "iPhone Developer";
				"CODE_SIGN_IDENTITY[sdk=iphoneos*]" = "iPhone Developer";
				INFOPLIST_FILE = Assignments/Info.plist;
				IPHONEOS_DEPLOYMENT_TARGET = 9.0;
				LD_RUNPATH_SEARCH_PATHS = "$(inherited) @executable_path/Frameworks";
				PRODUCT_BUNDLE_IDENTIFIER = cc.cwsoft.Assignments;
				PRODUCT_NAME = "$(TARGET_NAME)";
				PROVISIONING_PROFILE = "";
				TARGETED_DEVICE_FAMILY = 2;
			};
			name = Release;
		};
		63D12D5F1D7C02100018651E /* Debug */ = {
			isa = XCBuildConfiguration;
			buildSettings = {
				BUNDLE_LOADER = "$(TEST_HOST)";
				INFOPLIST_FILE = AssignmentsTests/Info.plist;
				LD_RUNPATH_SEARCH_PATHS = "$(inherited) @executable_path/Frameworks @loader_path/Frameworks";
				PRODUCT_BUNDLE_IDENTIFIER = cc.cwsoft.AssignmentsTests;
				PRODUCT_NAME = "$(TARGET_NAME)";
				TEST_HOST = "$(BUILT_PRODUCTS_DIR)/Assignments.app/Assignments";
			};
			name = Debug;
		};
		63D12D601D7C02100018651E /* Release */ = {
			isa = XCBuildConfiguration;
			buildSettings = {
				BUNDLE_LOADER = "$(TEST_HOST)";
				INFOPLIST_FILE = AssignmentsTests/Info.plist;
				LD_RUNPATH_SEARCH_PATHS = "$(inherited) @executable_path/Frameworks @loader_path/Frameworks";
				PRODUCT_BUNDLE_IDENTIFIER = cc.cwsoft.AssignmentsTests;
				PRODUCT_NAME = "$(TARGET_NAME)";
				TEST_HOST = "$(BUILT_PRODUCTS_DIR)/Assignments.app/Assignments";
			};
			name = Release;
		};
		63D12D621D7C02100018651E /* Debug */ = {
			isa = XCBuildConfiguration;
			buildSettings = {
				INFOPLIST_FILE = AssignmentsUITests/Info.plist;
				LD_RUNPATH_SEARCH_PATHS = "$(inherited) @executable_path/Frameworks @loader_path/Frameworks";
				PRODUCT_BUNDLE_IDENTIFIER = cc.cwsoft.AssignmentsUITests;
				PRODUCT_NAME = "$(TARGET_NAME)";
				TEST_TARGET_NAME = Assignments;
			};
			name = Debug;
		};
		63D12D631D7C02100018651E /* Release */ = {
			isa = XCBuildConfiguration;
			buildSettings = {
				INFOPLIST_FILE = AssignmentsUITests/Info.plist;
				LD_RUNPATH_SEARCH_PATHS = "$(inherited) @executable_path/Frameworks @loader_path/Frameworks";
				PRODUCT_BUNDLE_IDENTIFIER = cc.cwsoft.AssignmentsUITests;
				PRODUCT_NAME = "$(TARGET_NAME)";
				TEST_TARGET_NAME = Assignments;
			};
			name = Release;
		};
/* End XCBuildConfiguration section */

/* Begin XCConfigurationList section */
		63D12D2C1D7C02100018651E /* Build configuration list for PBXProject "Assignments" */ = {
			isa = XCConfigurationList;
			buildConfigurations = (
				63D12D591D7C02100018651E /* Debug */,
				63D12D5A1D7C02100018651E /* Release */,
			);
			defaultConfigurationIsVisible = 0;
			defaultConfigurationName = Release;
		};
		63D12D5B1D7C02100018651E /* Build configuration list for PBXNativeTarget "Assignments" */ = {
			isa = XCConfigurationList;
			buildConfigurations = (
				63D12D5C1D7C02100018651E /* Debug */,
				63D12D5D1D7C02100018651E /* Release */,
			);
			defaultConfigurationIsVisible = 0;
			defaultConfigurationName = Release;
		};
		63D12D5E1D7C02100018651E /* Build configuration list for PBXNativeTarget "AssignmentsTests" */ = {
			isa = XCConfigurationList;
			buildConfigurations = (
				63D12D5F1D7C02100018651E /* Debug */,
				63D12D601D7C02100018651E /* Release */,
			);
			defaultConfigurationIsVisible = 0;
			defaultConfigurationName = Release;
		};
		63D12D611D7C02100018651E /* Build configuration list for PBXNativeTarget "AssignmentsUITests" */ = {
			isa = XCConfigurationList;
			buildConfigurations = (
				63D12D621D7C02100018651E /* Debug */,
				63D12D631D7C02100018651E /* Release */,
			);
			defaultConfigurationIsVisible = 0;
			defaultConfigurationName = Release;
		};
/* End XCConfigurationList section */
	};
	rootObject = 63D12D291D7C02100018651E /* Project object */;
}
