// !$*UTF8*$!
{
	archiveVersion = 1;
	classes = {
	};
	objectVersion = 46;
	objects = {

/* Begin PBXBuildFile section */
		6300B5F71D864E3C00D23FD2 /* Info.plist in Resources */ = {isa = PBXBuildFile; fileRef = 6300B5D51D864E3C00D23FD2 /* Info.plist */; };
		6300B5F81D864E3C00D23FD2 /* SCLAlertView.swift in Sources */ = {isa = PBXBuildFile; fileRef = 6300B5D61D864E3C00D23FD2 /* SCLAlertView.swift */; };
		6300B5F91D864E3C00D23FD2 /* SCLExtensions.swift in Sources */ = {isa = PBXBuildFile; fileRef = 6300B5D71D864E3C00D23FD2 /* SCLExtensions.swift */; };
		6300B5FA1D864E3C00D23FD2 /* SkyFloatingLabelTextField.swift in Sources */ = {isa = PBXBuildFile; fileRef = 6300B5D91D864E3C00D23FD2 /* SkyFloatingLabelTextField.swift */; };
		6300B5FB1D864E3C00D23FD2 /* SkyFloatingLabelTextFieldWithIcon.swift in Sources */ = {isa = PBXBuildFile; fileRef = 6300B5DA1D864E3C00D23FD2 /* SkyFloatingLabelTextFieldWithIcon.swift */; };
		6300B5FC1D864E3C00D23FD2 /* UITextField+fixCaretPosition.swift in Sources */ = {isa = PBXBuildFile; fileRef = 6300B5DB1D864E3C00D23FD2 /* UITextField+fixCaretPosition.swift */; };
		6300B60C1D864E3D00D23FD2 /* TKAnimatedCheckButton.swift in Sources */ = {isa = PBXBuildFile; fileRef = 6300B5EC1D864E3C00D23FD2 /* TKAnimatedCheckButton.swift */; };
		6300B60D1D864E3D00D23FD2 /* Duration.swift in Sources */ = {isa = PBXBuildFile; fileRef = 6300B5EE1D864E3C00D23FD2 /* Duration.swift */; };
		6300B60E1D864E3D00D23FD2 /* Int+Timepiece.swift in Sources */ = {isa = PBXBuildFile; fileRef = 6300B5EF1D864E3C00D23FD2 /* Int+Timepiece.swift */; };
		6300B60F1D864E3D00D23FD2 /* NSCalendar+Timepiece.swift in Sources */ = {isa = PBXBuildFile; fileRef = 6300B5F01D864E3C00D23FD2 /* NSCalendar+Timepiece.swift */; };
		6300B6101D864E3D00D23FD2 /* NSDate+Timepiece.swift in Sources */ = {isa = PBXBuildFile; fileRef = 6300B5F11D864E3C00D23FD2 /* NSDate+Timepiece.swift */; };
		6300B6111D864E3D00D23FD2 /* NSDateComponents+Timepiece.swift in Sources */ = {isa = PBXBuildFile; fileRef = 6300B5F21D864E3C00D23FD2 /* NSDateComponents+Timepiece.swift */; };
		6300B6121D864E3D00D23FD2 /* String+Timepiece.swift in Sources */ = {isa = PBXBuildFile; fileRef = 6300B5F31D864E3C00D23FD2 /* String+Timepiece.swift */; };
		6300B6131D864E3D00D23FD2 /* WWCalendarTimeSelector.storyboard in Resources */ = {isa = PBXBuildFile; fileRef = 6300B5F41D864E3C00D23FD2 /* WWCalendarTimeSelector.storyboard */; };
		6300B6141D864E3D00D23FD2 /* WWCalendarTimeSelector.swift in Sources */ = {isa = PBXBuildFile; fileRef = 6300B5F51D864E3C00D23FD2 /* WWCalendarTimeSelector.swift */; };
		6300B6151D864E3D00D23FD2 /* ZFRippleButton.swift in Sources */ = {isa = PBXBuildFile; fileRef = 6300B5F61D864E3C00D23FD2 /* ZFRippleButton.swift */; };
		63184CBB1D87139300E6770F /* Classes.swift in Sources */ = {isa = PBXBuildFile; fileRef = 63184CBA1D87139300E6770F /* Classes.swift */; };
		631A7E131D7D0542009D7CA7 /* FrmAssignmentList_Cell.swift in Sources */ = {isa = PBXBuildFile; fileRef = 631A7E121D7D0542009D7CA7 /* FrmAssignmentList_Cell.swift */; };
		631A7E521D7D0A68009D7CA7 /* uiviewcoViewController.swift in Sources */ = {isa = PBXBuildFile; fileRef = 631A7E511D7D0A68009D7CA7 /* uiviewcoViewController.swift */; };
		6350EF881D9AE6D5005184ED /* Actual360.swift in Sources */ = {isa = PBXBuildFile; fileRef = 6350EF791D9AE6D5005184ED /* Actual360.swift */; };
		6350EF891D9AE6D5005184ED /* Actual365Fixed.swift in Sources */ = {isa = PBXBuildFile; fileRef = 6350EF7A1D9AE6D5005184ED /* Actual365Fixed.swift */; };
		6350EF8A1D9AE6D5005184ED /* ActualActual.swift in Sources */ = {isa = PBXBuildFile; fileRef = 6350EF7B1D9AE6D5005184ED /* ActualActual.swift */; };
		6350EF8B1D9AE6D5005184ED /* BizDayRule.swift in Sources */ = {isa = PBXBuildFile; fileRef = 6350EF7C1D9AE6D5005184ED /* BizDayRule.swift */; };
		6350EF8C1D9AE6D5005184ED /* Calendar.swift in Sources */ = {isa = PBXBuildFile; fileRef = 6350EF7D1D9AE6D5005184ED /* Calendar.swift */; };
		6350EF8D1D9AE6D5005184ED /* Date.swift in Sources */ = {isa = PBXBuildFile; fileRef = 6350EF7E1D9AE6D5005184ED /* Date.swift */; };
		6350EF8E1D9AE6D5005184ED /* DateHelpers.swift in Sources */ = {isa = PBXBuildFile; fileRef = 6350EF7F1D9AE6D5005184ED /* DateHelpers.swift */; };
		6350EF8F1D9AE6D5005184ED /* DayCounter.swift in Sources */ = {isa = PBXBuildFile; fileRef = 6350EF801D9AE6D5005184ED /* DayCounter.swift */; };
		6350EF901D9AE6D5005184ED /* Info.plist in Resources */ = {isa = PBXBuildFile; fileRef = 6350EF811D9AE6D5005184ED /* Info.plist */; };
		6350EF911D9AE6D5005184ED /* NL365.swift in Sources */ = {isa = PBXBuildFile; fileRef = 6350EF821D9AE6D5005184ED /* NL365.swift */; };
		6350EF921D9AE6D5005184ED /* TargetCalendar.swift in Sources */ = {isa = PBXBuildFile; fileRef = 6350EF831D9AE6D5005184ED /* TargetCalendar.swift */; };
		6350EF931D9AE6D5005184ED /* Term.swift in Sources */ = {isa = PBXBuildFile; fileRef = 6350EF841D9AE6D5005184ED /* Term.swift */; };
		6350EF941D9AE6D5005184ED /* Thirty360.swift in Sources */ = {isa = PBXBuildFile; fileRef = 6350EF851D9AE6D5005184ED /* Thirty360.swift */; };
		6350EF951D9AE6D5005184ED /* UnitedKingdomCalendar.swift in Sources */ = {isa = PBXBuildFile; fileRef = 6350EF861D9AE6D5005184ED /* UnitedKingdomCalendar.swift */; };
		6350EF961D9AE6D5005184ED /* UnitedStatesCalendar.swift in Sources */ = {isa = PBXBuildFile; fileRef = 6350EF871D9AE6D5005184ED /* UnitedStatesCalendar.swift */; };
		6350EFAD1D9AE797005184ED /* Additions.swift in Sources */ = {isa = PBXBuildFile; fileRef = 6350EF981D9AE797005184ED /* Additions.swift */; };
		6350EFAE1D9AE797005184ED /* DateFormatter.swift in Sources */ = {isa = PBXBuildFile; fileRef = 6350EF991D9AE797005184ED /* DateFormatter.swift */; };
		6350EFAF1D9AE797005184ED /* DateInRegion+Comparisons.swift in Sources */ = {isa = PBXBuildFile; fileRef = 6350EF9A1D9AE797005184ED /* DateInRegion+Comparisons.swift */; };
		6350EFB01D9AE797005184ED /* DateInRegion+Components.swift in Sources */ = {isa = PBXBuildFile; fileRef = 6350EF9B1D9AE797005184ED /* DateInRegion+Components.swift */; };
		6350EFB11D9AE797005184ED /* DateInRegion+Equations.swift in Sources */ = {isa = PBXBuildFile; fileRef = 6350EF9C1D9AE797005184ED /* DateInRegion+Equations.swift */; };
		6350EFB21D9AE797005184ED /* DateInRegion+Formatter.swift in Sources */ = {isa = PBXBuildFile; fileRef = 6350EF9D1D9AE797005184ED /* DateInRegion+Formatter.swift */; };
		6350EFB31D9AE797005184ED /* DateInRegion+NSDatePort.swift in Sources */ = {isa = PBXBuildFile; fileRef = 6350EF9E1D9AE797005184ED /* DateInRegion+NSDatePort.swift */; };
		6350EFB41D9AE797005184ED /* DateInRegion+Operations.swift in Sources */ = {isa = PBXBuildFile; fileRef = 6350EF9F1D9AE797005184ED /* DateInRegion+Operations.swift */; };
		6350EFB51D9AE797005184ED /* DateInRegion+StartEnd.swift in Sources */ = {isa = PBXBuildFile; fileRef = 6350EFA01D9AE797005184ED /* DateInRegion+StartEnd.swift */; };
		6350EFB61D9AE797005184ED /* DateInRegion.swift in Sources */ = {isa = PBXBuildFile; fileRef = 6350EFA11D9AE797005184ED /* DateInRegion.swift */; };
		6350EFB71D9AE797005184ED /* Dictionary+SwiftDate.swift in Sources */ = {isa = PBXBuildFile; fileRef = 6350EFA21D9AE797005184ED /* Dictionary+SwiftDate.swift */; };
		6350EFB81D9AE797005184ED /* NSCalendar+SwiftDate.swift in Sources */ = {isa = PBXBuildFile; fileRef = 6350EFA31D9AE797005184ED /* NSCalendar+SwiftDate.swift */; };
		6350EFB91D9AE797005184ED /* NSDate+SwiftDate.swift in Sources */ = {isa = PBXBuildFile; fileRef = 6350EFA41D9AE797005184ED /* NSDate+SwiftDate.swift */; };
		6350EFBA1D9AE797005184ED /* NSDateComponents+SwiftDate.swift in Sources */ = {isa = PBXBuildFile; fileRef = 6350EFA51D9AE797005184ED /* NSDateComponents+SwiftDate.swift */; };
		6350EFBB1D9AE797005184ED /* NSDateFormatter+SwiftDate.swift in Sources */ = {isa = PBXBuildFile; fileRef = 6350EFA61D9AE797005184ED /* NSDateFormatter+SwiftDate.swift */; };
		6350EFBC1D9AE797005184ED /* NSDateInterval.swift in Sources */ = {isa = PBXBuildFile; fileRef = 6350EFA71D9AE797005184ED /* NSDateInterval.swift */; };
		6350EFBD1D9AE797005184ED /* NSLocale+SwiftDate.swift in Sources */ = {isa = PBXBuildFile; fileRef = 6350EFA81D9AE797005184ED /* NSLocale+SwiftDate.swift */; };
		6350EFBE1D9AE797005184ED /* NSTimeInterval+SwiftDate.swift in Sources */ = {isa = PBXBuildFile; fileRef = 6350EFA91D9AE797005184ED /* NSTimeInterval+SwiftDate.swift */; };
		6350EFBF1D9AE797005184ED /* NSTimeZone+SwiftDate.swift in Sources */ = {isa = PBXBuildFile; fileRef = 6350EFAA1D9AE797005184ED /* NSTimeZone+SwiftDate.swift */; };
		6350EFC01D9AE797005184ED /* Region.swift in Sources */ = {isa = PBXBuildFile; fileRef = 6350EFAB1D9AE797005184ED /* Region.swift */; };
		6350EFC11D9AE797005184ED /* SwiftDate.bundle in Resources */ = {isa = PBXBuildFile; fileRef = 6350EFAC1D9AE797005184ED /* SwiftDate.bundle */; };
		63641C771D7E84920083A9E6 /* FrmNewAssignment.swift in Sources */ = {isa = PBXBuildFile; fileRef = 63641C761D7E84920083A9E6 /* FrmNewAssignment.swift */; };
		637C1F4D1D98F6C5005DC7E0 /* FrmAssignmentListLeft.swift in Sources */ = {isa = PBXBuildFile; fileRef = 637C1F4C1D98F6C5005DC7E0 /* FrmAssignmentListLeft.swift */; };
		63A5AF6B1D7CB6A500EF3028 /* Gib.swift in Sources */ = {isa = PBXBuildFile; fileRef = 63A5AF6A1D7CB6A500EF3028 /* Gib.swift */; };
		63A8AB8E1D7CC133002468E1 /* Assignments.swift in Sources */ = {isa = PBXBuildFile; fileRef = 63A8AB8D1D7CC133002468E1 /* Assignments.swift */; };
		63A8AB911D7CC57E002468E1 /* FrmAssignmentList.swift in Sources */ = {isa = PBXBuildFile; fileRef = 63A8AB901D7CC57E002468E1 /* FrmAssignmentList.swift */; };
		63D12D351D7C02100018651E /* AppDelegate.swift in Sources */ = {isa = PBXBuildFile; fileRef = 63D12D341D7C02100018651E /* AppDelegate.swift */; };
		63D12D371D7C02100018651E /* FrmClassList.swift in Sources */ = {isa = PBXBuildFile; fileRef = 63D12D361D7C02100018651E /* FrmClassList.swift */; };
		63D12D3C1D7C02100018651E /* Main.storyboard in Resources */ = {isa = PBXBuildFile; fileRef = 63D12D3A1D7C02100018651E /* Main.storyboard */; };
		63D12D3E1D7C02100018651E /* Assets.xcassets in Resources */ = {isa = PBXBuildFile; fileRef = 63D12D3D1D7C02100018651E /* Assets.xcassets */; };
		63D12D411D7C02100018651E /* LaunchScreen.storyboard in Resources */ = {isa = PBXBuildFile; fileRef = 63D12D3F1D7C02100018651E /* LaunchScreen.storyboard */; };
		63D12D4C1D7C02100018651E /* AssignmentsTests.swift in Sources */ = {isa = PBXBuildFile; fileRef = 63D12D4B1D7C02100018651E /* AssignmentsTests.swift */; };
		63D12D571D7C02100018651E /* AssignmentsUITests.swift in Sources */ = {isa = PBXBuildFile; fileRef = 63D12D561D7C02100018651E /* AssignmentsUITests.swift */; };
		63D51C831D7FBD1000CA5801 /* General.swift in Sources */ = {isa = PBXBuildFile; fileRef = 63D51C821D7FBD1000CA5801 /* General.swift */; };
		63D51C851D7FC27A00CA5801 /* Hash.swift in Sources */ = {isa = PBXBuildFile; fileRef = 63D51C841D7FC27A00CA5801 /* Hash.swift */; };
/* End PBXBuildFile section */

/* Begin PBXContainerItemProxy section */
		63D12D481D7C02100018651E /* PBXContainerItemProxy */ = {
			isa = PBXContainerItemProxy;
			containerPortal = 63D12D291D7C02100018651E /* Project object */;
			proxyType = 1;
			remoteGlobalIDString = 63D12D301D7C02100018651E;
			remoteInfo = Assignments;
		};
		63D12D531D7C02100018651E /* PBXContainerItemProxy */ = {
			isa = PBXContainerItemProxy;
			containerPortal = 63D12D291D7C02100018651E /* Project object */;
			proxyType = 1;
			remoteGlobalIDString = 63D12D301D7C02100018651E;
			remoteInfo = Assignments;
		};
/* End PBXContainerItemProxy section */

/* Begin PBXFileReference section */
		6300B5D51D864E3C00D23FD2 /* Info.plist */ = {isa = PBXFileReference; fileEncoding = 4; lastKnownFileType = text.plist.xml; path = Info.plist; sourceTree = "<group>"; };
		6300B5D61D864E3C00D23FD2 /* SCLAlertView.swift */ = {isa = PBXFileReference; fileEncoding = 4; lastKnownFileType = sourcecode.swift; path = SCLAlertView.swift; sourceTree = "<group>"; };
		6300B5D71D864E3C00D23FD2 /* SCLExtensions.swift */ = {isa = PBXFileReference; fileEncoding = 4; lastKnownFileType = sourcecode.swift; path = SCLExtensions.swift; sourceTree = "<group>"; };
		6300B5D91D864E3C00D23FD2 /* SkyFloatingLabelTextField.swift */ = {isa = PBXFileReference; fileEncoding = 4; lastKnownFileType = sourcecode.swift; path = SkyFloatingLabelTextField.swift; sourceTree = "<group>"; };
		6300B5DA1D864E3C00D23FD2 /* SkyFloatingLabelTextFieldWithIcon.swift */ = {isa = PBXFileReference; fileEncoding = 4; lastKnownFileType = sourcecode.swift; path = SkyFloatingLabelTextFieldWithIcon.swift; sourceTree = "<group>"; };
		6300B5DB1D864E3C00D23FD2 /* UITextField+fixCaretPosition.swift */ = {isa = PBXFileReference; fileEncoding = 4; lastKnownFileType = sourcecode.swift; path = "UITextField+fixCaretPosition.swift"; sourceTree = "<group>"; };
		6300B5EC1D864E3C00D23FD2 /* TKAnimatedCheckButton.swift */ = {isa = PBXFileReference; fileEncoding = 4; lastKnownFileType = sourcecode.swift; name = TKAnimatedCheckButton.swift; path = "Third-Parties/TKAnimatedCheckButton.swift"; sourceTree = "<group>"; };
		6300B5EE1D864E3C00D23FD2 /* Duration.swift */ = {isa = PBXFileReference; fileEncoding = 4; lastKnownFileType = sourcecode.swift; path = Duration.swift; sourceTree = "<group>"; };
		6300B5EF1D864E3C00D23FD2 /* Int+Timepiece.swift */ = {isa = PBXFileReference; fileEncoding = 4; lastKnownFileType = sourcecode.swift; path = "Int+Timepiece.swift"; sourceTree = "<group>"; };
		6300B5F01D864E3C00D23FD2 /* NSCalendar+Timepiece.swift */ = {isa = PBXFileReference; fileEncoding = 4; lastKnownFileType = sourcecode.swift; path = "NSCalendar+Timepiece.swift"; sourceTree = "<group>"; };
		6300B5F11D864E3C00D23FD2 /* NSDate+Timepiece.swift */ = {isa = PBXFileReference; fileEncoding = 4; lastKnownFileType = sourcecode.swift; path = "NSDate+Timepiece.swift"; sourceTree = "<group>"; };
		6300B5F21D864E3C00D23FD2 /* NSDateComponents+Timepiece.swift */ = {isa = PBXFileReference; fileEncoding = 4; lastKnownFileType = sourcecode.swift; path = "NSDateComponents+Timepiece.swift"; sourceTree = "<group>"; };
		6300B5F31D864E3C00D23FD2 /* String+Timepiece.swift */ = {isa = PBXFileReference; fileEncoding = 4; lastKnownFileType = sourcecode.swift; path = "String+Timepiece.swift"; sourceTree = "<group>"; };
		6300B5F41D864E3C00D23FD2 /* WWCalendarTimeSelector.storyboard */ = {isa = PBXFileReference; fileEncoding = 4; lastKnownFileType = file.storyboard; path = WWCalendarTimeSelector.storyboard; sourceTree = "<group>"; };
		6300B5F51D864E3C00D23FD2 /* WWCalendarTimeSelector.swift */ = {isa = PBXFileReference; fileEncoding = 4; lastKnownFileType = sourcecode.swift; path = WWCalendarTimeSelector.swift; sourceTree = "<group>"; };
		6300B5F61D864E3C00D23FD2 /* ZFRippleButton.swift */ = {isa = PBXFileReference; fileEncoding = 4; lastKnownFileType = sourcecode.swift; name = ZFRippleButton.swift; path = "Third-Parties/ZFRippleButton.swift"; sourceTree = "<group>"; };
		63184CBA1D87139300E6770F /* Classes.swift */ = {isa = PBXFileReference; fileEncoding = 4; lastKnownFileType = sourcecode.swift; path = Classes.swift; sourceTree = "<group>"; };
		631A7E121D7D0542009D7CA7 /* FrmAssignmentList_Cell.swift */ = {isa = PBXFileReference; fileEncoding = 4; lastKnownFileType = sourcecode.swift; path = FrmAssignmentList_Cell.swift; sourceTree = "<group>"; };
		631A7E511D7D0A68009D7CA7 /* uiviewcoViewController.swift */ = {isa = PBXFileReference; fileEncoding = 4; lastKnownFileType = sourcecode.swift; path = uiviewcoViewController.swift; sourceTree = "<group>"; };
		6350EF791D9AE6D5005184ED /* Actual360.swift */ = {isa = PBXFileReference; fileEncoding = 4; lastKnownFileType = sourcecode.swift; path = Actual360.swift; sourceTree = "<group>"; };
		6350EF7A1D9AE6D5005184ED /* Actual365Fixed.swift */ = {isa = PBXFileReference; fileEncoding = 4; lastKnownFileType = sourcecode.swift; path = Actual365Fixed.swift; sourceTree = "<group>"; };
		6350EF7B1D9AE6D5005184ED /* ActualActual.swift */ = {isa = PBXFileReference; fileEncoding = 4; lastKnownFileType = sourcecode.swift; path = ActualActual.swift; sourceTree = "<group>"; };
		6350EF7C1D9AE6D5005184ED /* BizDayRule.swift */ = {isa = PBXFileReference; fileEncoding = 4; lastKnownFileType = sourcecode.swift; path = BizDayRule.swift; sourceTree = "<group>"; };
		6350EF7D1D9AE6D5005184ED /* Calendar.swift */ = {isa = PBXFileReference; fileEncoding = 4; lastKnownFileType = sourcecode.swift; path = Calendar.swift; sourceTree = "<group>"; };
		6350EF7E1D9AE6D5005184ED /* Date.swift */ = {isa = PBXFileReference; fileEncoding = 4; lastKnownFileType = sourcecode.swift; path = Date.swift; sourceTree = "<group>"; };
		6350EF7F1D9AE6D5005184ED /* DateHelpers.swift */ = {isa = PBXFileReference; fileEncoding = 4; lastKnownFileType = sourcecode.swift; path = DateHelpers.swift; sourceTree = "<group>"; };
		6350EF801D9AE6D5005184ED /* DayCounter.swift */ = {isa = PBXFileReference; fileEncoding = 4; lastKnownFileType = sourcecode.swift; path = DayCounter.swift; sourceTree = "<group>"; };
		6350EF811D9AE6D5005184ED /* Info.plist */ = {isa = PBXFileReference; fileEncoding = 4; lastKnownFileType = text.plist.xml; path = Info.plist; sourceTree = "<group>"; };
		6350EF821D9AE6D5005184ED /* NL365.swift */ = {isa = PBXFileReference; fileEncoding = 4; lastKnownFileType = sourcecode.swift; path = NL365.swift; sourceTree = "<group>"; };
		6350EF831D9AE6D5005184ED /* TargetCalendar.swift */ = {isa = PBXFileReference; fileEncoding = 4; lastKnownFileType = sourcecode.swift; path = TargetCalendar.swift; sourceTree = "<group>"; };
		6350EF841D9AE6D5005184ED /* Term.swift */ = {isa = PBXFileReference; fileEncoding = 4; lastKnownFileType = sourcecode.swift; path = Term.swift; sourceTree = "<group>"; };
		6350EF851D9AE6D5005184ED /* Thirty360.swift */ = {isa = PBXFileReference; fileEncoding = 4; lastKnownFileType = sourcecode.swift; path = Thirty360.swift; sourceTree = "<group>"; };
		6350EF861D9AE6D5005184ED /* UnitedKingdomCalendar.swift */ = {isa = PBXFileReference; fileEncoding = 4; lastKnownFileType = sourcecode.swift; path = UnitedKingdomCalendar.swift; sourceTree = "<group>"; };
		6350EF871D9AE6D5005184ED /* UnitedStatesCalendar.swift */ = {isa = PBXFileReference; fileEncoding = 4; lastKnownFileType = sourcecode.swift; path = UnitedStatesCalendar.swift; sourceTree = "<group>"; };
		6350EF981D9AE797005184ED /* Additions.swift */ = {isa = PBXFileReference; fileEncoding = 4; lastKnownFileType = sourcecode.swift; path = Additions.swift; sourceTree = "<group>"; };
		6350EF991D9AE797005184ED /* DateFormatter.swift */ = {isa = PBXFileReference; fileEncoding = 4; lastKnownFileType = sourcecode.swift; path = DateFormatter.swift; sourceTree = "<group>"; };
		6350EF9A1D9AE797005184ED /* DateInRegion+Comparisons.swift */ = {isa = PBXFileReference; fileEncoding = 4; lastKnownFileType = sourcecode.swift; path = "DateInRegion+Comparisons.swift"; sourceTree = "<group>"; };
		6350EF9B1D9AE797005184ED /* DateInRegion+Components.swift */ = {isa = PBXFileReference; fileEncoding = 4; lastKnownFileType = sourcecode.swift; path = "DateInRegion+Components.swift"; sourceTree = "<group>"; };
		6350EF9C1D9AE797005184ED /* DateInRegion+Equations.swift */ = {isa = PBXFileReference; fileEncoding = 4; lastKnownFileType = sourcecode.swift; path = "DateInRegion+Equations.swift"; sourceTree = "<group>"; };
		6350EF9D1D9AE797005184ED /* DateInRegion+Formatter.swift */ = {isa = PBXFileReference; fileEncoding = 4; lastKnownFileType = sourcecode.swift; path = "DateInRegion+Formatter.swift"; sourceTree = "<group>"; };
		6350EF9E1D9AE797005184ED /* DateInRegion+NSDatePort.swift */ = {isa = PBXFileReference; fileEncoding = 4; lastKnownFileType = sourcecode.swift; path = "DateInRegion+NSDatePort.swift"; sourceTree = "<group>"; };
		6350EF9F1D9AE797005184ED /* DateInRegion+Operations.swift */ = {isa = PBXFileReference; fileEncoding = 4; lastKnownFileType = sourcecode.swift; path = "DateInRegion+Operations.swift"; sourceTree = "<group>"; };
		6350EFA01D9AE797005184ED /* DateInRegion+StartEnd.swift */ = {isa = PBXFileReference; fileEncoding = 4; lastKnownFileType = sourcecode.swift; path = "DateInRegion+StartEnd.swift"; sourceTree = "<group>"; };
		6350EFA11D9AE797005184ED /* DateInRegion.swift */ = {isa = PBXFileReference; fileEncoding = 4; lastKnownFileType = sourcecode.swift; path = DateInRegion.swift; sourceTree = "<group>"; };
		6350EFA21D9AE797005184ED /* Dictionary+SwiftDate.swift */ = {isa = PBXFileReference; fileEncoding = 4; lastKnownFileType = sourcecode.swift; path = "Dictionary+SwiftDate.swift"; sourceTree = "<group>"; };
		6350EFA31D9AE797005184ED /* NSCalendar+SwiftDate.swift */ = {isa = PBXFileReference; fileEncoding = 4; lastKnownFileType = sourcecode.swift; path = "NSCalendar+SwiftDate.swift"; sourceTree = "<group>"; };
		6350EFA41D9AE797005184ED /* NSDate+SwiftDate.swift */ = {isa = PBXFileReference; fileEncoding = 4; lastKnownFileType = sourcecode.swift; path = "NSDate+SwiftDate.swift"; sourceTree = "<group>"; };
		6350EFA51D9AE797005184ED /* NSDateComponents+SwiftDate.swift */ = {isa = PBXFileReference; fileEncoding = 4; lastKnownFileType = sourcecode.swift; path = "NSDateComponents+SwiftDate.swift"; sourceTree = "<group>"; };
		6350EFA61D9AE797005184ED /* NSDateFormatter+SwiftDate.swift */ = {isa = PBXFileReference; fileEncoding = 4; lastKnownFileType = sourcecode.swift; path = "NSDateFormatter+SwiftDate.swift"; sourceTree = "<group>"; };
		6350EFA71D9AE797005184ED /* NSDateInterval.swift */ = {isa = PBXFileReference; fileEncoding = 4; lastKnownFileType = sourcecode.swift; path = NSDateInterval.swift; sourceTree = "<group>"; };
		6350EFA81D9AE797005184ED /* NSLocale+SwiftDate.swift */ = {isa = PBXFileReference; fileEncoding = 4; lastKnownFileType = sourcecode.swift; path = "NSLocale+SwiftDate.swift"; sourceTree = "<group>"; };
		6350EFA91D9AE797005184ED /* NSTimeInterval+SwiftDate.swift */ = {isa = PBXFileReference; fileEncoding = 4; lastKnownFileType = sourcecode.swift; path = "NSTimeInterval+SwiftDate.swift"; sourceTree = "<group>"; };
		6350EFAA1D9AE797005184ED /* NSTimeZone+SwiftDate.swift */ = {isa = PBXFileReference; fileEncoding = 4; lastKnownFileType = sourcecode.swift; path = "NSTimeZone+SwiftDate.swift"; sourceTree = "<group>"; };
		6350EFAB1D9AE797005184ED /* Region.swift */ = {isa = PBXFileReference; fileEncoding = 4; lastKnownFileType = sourcecode.swift; path = Region.swift; sourceTree = "<group>"; };
		6350EFAC1D9AE797005184ED /* SwiftDate.bundle */ = {isa = PBXFileReference; lastKnownFileType = "wrapper.plug-in"; path = SwiftDate.bundle; sourceTree = "<group>"; };
		63641C761D7E84920083A9E6 /* FrmNewAssignment.swift */ = {isa = PBXFileReference; fileEncoding = 4; lastKnownFileType = sourcecode.swift; path = FrmNewAssignment.swift; sourceTree = "<group>"; };
		637C1F4C1D98F6C5005DC7E0 /* FrmAssignmentListLeft.swift */ = {isa = PBXFileReference; fileEncoding = 4; lastKnownFileType = sourcecode.swift; path = FrmAssignmentListLeft.swift; sourceTree = "<group>"; };
		63A5AF6A1D7CB6A500EF3028 /* Gib.swift */ = {isa = PBXFileReference; fileEncoding = 4; lastKnownFileType = sourcecode.swift; path = Gib.swift; sourceTree = "<group>"; };
		63A8AB8D1D7CC133002468E1 /* Assignments.swift */ = {isa = PBXFileReference; fileEncoding = 4; lastKnownFileType = sourcecode.swift; path = Assignments.swift; sourceTree = "<group>"; };
		63A8AB901D7CC57E002468E1 /* FrmAssignmentList.swift */ = {isa = PBXFileReference; fileEncoding = 4; lastKnownFileType = sourcecode.swift; path = FrmAssignmentList.swift; sourceTree = "<group>"; };
		63D12D311D7C02100018651E /* Assignments.app */ = {isa = PBXFileReference; explicitFileType = wrapper.application; includeInIndex = 0; path = Assignments.app; sourceTree = BUILT_PRODUCTS_DIR; };
		63D12D341D7C02100018651E /* AppDelegate.swift */ = {isa = PBXFileReference; lastKnownFileType = sourcecode.swift; path = AppDelegate.swift; sourceTree = "<group>"; };
		63D12D361D7C02100018651E /* FrmClassList.swift */ = {isa = PBXFileReference; lastKnownFileType = sourcecode.swift; path = FrmClassList.swift; sourceTree = "<group>"; };
		63D12D3B1D7C02100018651E /* Base */ = {isa = PBXFileReference; lastKnownFileType = file.storyboard; name = Base; path = Base.lproj/Main.storyboard; sourceTree = "<group>"; };
		63D12D3D1D7C02100018651E /* Assets.xcassets */ = {isa = PBXFileReference; lastKnownFileType = folder.assetcatalog; path = Assets.xcassets; sourceTree = "<group>"; };
		63D12D401D7C02100018651E /* Base */ = {isa = PBXFileReference; lastKnownFileType = file.storyboard; name = Base; path = Base.lproj/LaunchScreen.storyboard; sourceTree = "<group>"; };
		63D12D421D7C02100018651E /* Info.plist */ = {isa = PBXFileReference; lastKnownFileType = text.plist.xml; path = Info.plist; sourceTree = "<group>"; };
		63D12D471D7C02100018651E /* AssignmentsTests.xctest */ = {isa = PBXFileReference; explicitFileType = wrapper.cfbundle; includeInIndex = 0; path = AssignmentsTests.xctest; sourceTree = BUILT_PRODUCTS_DIR; };
		63D12D4B1D7C02100018651E /* AssignmentsTests.swift */ = {isa = PBXFileReference; lastKnownFileType = sourcecode.swift; path = AssignmentsTests.swift; sourceTree = "<group>"; };
		63D12D4D1D7C02100018651E /* Info.plist */ = {isa = PBXFileReference; lastKnownFileType = text.plist.xml; path = Info.plist; sourceTree = "<group>"; };
		63D12D521D7C02100018651E /* AssignmentsUITests.xctest */ = {isa = PBXFileReference; explicitFileType = wrapper.cfbundle; includeInIndex = 0; path = AssignmentsUITests.xctest; sourceTree = BUILT_PRODUCTS_DIR; };
		63D12D561D7C02100018651E /* AssignmentsUITests.swift */ = {isa = PBXFileReference; lastKnownFileType = sourcecode.swift; path = AssignmentsUITests.swift; sourceTree = "<group>"; };
		63D12D581D7C02100018651E /* Info.plist */ = {isa = PBXFileReference; lastKnownFileType = text.plist.xml; path = Info.plist; sourceTree = "<group>"; };
		63D51C821D7FBD1000CA5801 /* General.swift */ = {isa = PBXFileReference; fileEncoding = 4; lastKnownFileType = sourcecode.swift; path = General.swift; sourceTree = "<group>"; };
		63D51C841D7FC27A00CA5801 /* Hash.swift */ = {isa = PBXFileReference; fileEncoding = 4; lastKnownFileType = sourcecode.swift; path = Hash.swift; sourceTree = "<group>"; };
/* End PBXFileReference section */

/* Begin PBXFrameworksBuildPhase section */
		63D12D2E1D7C02100018651E /* Frameworks */ = {
			isa = PBXFrameworksBuildPhase;
			buildActionMask = 2147483647;
			files = (
			);
			runOnlyForDeploymentPostprocessing = 0;
		};
		63D12D441D7C02100018651E /* Frameworks */ = {
			isa = PBXFrameworksBuildPhase;
			buildActionMask = 2147483647;
			files = (
			);
			runOnlyForDeploymentPostprocessing = 0;
		};
		63D12D4F1D7C02100018651E /* Frameworks */ = {
			isa = PBXFrameworksBuildPhase;
			buildActionMask = 2147483647;
			files = (
			);
			runOnlyForDeploymentPostprocessing = 0;
		};
/* End PBXFrameworksBuildPhase section */

/* Begin PBXGroup section */
		6300B5D41D864E3C00D23FD2 /* SCLAlertView */ = {
			isa = PBXGroup;
			children = (
				6300B5D51D864E3C00D23FD2 /* Info.plist */,
				6300B5D61D864E3C00D23FD2 /* SCLAlertView.swift */,
				6300B5D71D864E3C00D23FD2 /* SCLExtensions.swift */,
			);
			name = SCLAlertView;
			path = "Third-Parties/SCLAlertView";
			sourceTree = "<group>";
		};
		6300B5D81D864E3C00D23FD2 /* SkyFloatingLabelTextField */ = {
			isa = PBXGroup;
			children = (
				6300B5D91D864E3C00D23FD2 /* SkyFloatingLabelTextField.swift */,
				6300B5DA1D864E3C00D23FD2 /* SkyFloatingLabelTextFieldWithIcon.swift */,
				6300B5DB1D864E3C00D23FD2 /* UITextField+fixCaretPosition.swift */,
			);
			name = SkyFloatingLabelTextField;
			path = "Third-Parties/SkyFloatingLabelTextField";
			sourceTree = "<group>";
		};
		6300B5ED1D864E3C00D23FD2 /* WWCalendarTimeSelector */ = {
			isa = PBXGroup;
			children = (
				6300B5EE1D864E3C00D23FD2 /* Duration.swift */,
				6300B5EF1D864E3C00D23FD2 /* Int+Timepiece.swift */,
				6300B5F01D864E3C00D23FD2 /* NSCalendar+Timepiece.swift */,
				6300B5F11D864E3C00D23FD2 /* NSDate+Timepiece.swift */,
				6300B5F21D864E3C00D23FD2 /* NSDateComponents+Timepiece.swift */,
				6300B5F31D864E3C00D23FD2 /* String+Timepiece.swift */,
				6300B5F41D864E3C00D23FD2 /* WWCalendarTimeSelector.storyboard */,
				6300B5F51D864E3C00D23FD2 /* WWCalendarTimeSelector.swift */,
			);
			name = WWCalendarTimeSelector;
			path = "Third-Parties/WWCalendarTimeSelector";
			sourceTree = "<group>";
		};
		631A7E141D7D054D009D7CA7 /* Forms */ = {
			isa = PBXGroup;
			children = (
				63D12D361D7C02100018651E /* FrmClassList.swift */,
				631A7E511D7D0A68009D7CA7 /* uiviewcoViewController.swift */,
				63A8AB901D7CC57E002468E1 /* FrmAssignmentList.swift */,
				631A7E121D7D0542009D7CA7 /* FrmAssignmentList_Cell.swift */,
				63641C761D7E84920083A9E6 /* FrmNewAssignment.swift */,
				637C1F4C1D98F6C5005DC7E0 /* FrmAssignmentListLeft.swift */,
			);
			name = Forms;
			sourceTree = "<group>";
		};
		6350EF781D9AE6D5005184ED /* Date */ = {
			isa = PBXGroup;
			children = (
				6350EF791D9AE6D5005184ED /* Actual360.swift */,
				6350EF7A1D9AE6D5005184ED /* Actual365Fixed.swift */,
				6350EF7B1D9AE6D5005184ED /* ActualActual.swift */,
				6350EF7C1D9AE6D5005184ED /* BizDayRule.swift */,
				6350EF7D1D9AE6D5005184ED /* Calendar.swift */,
				6350EF7E1D9AE6D5005184ED /* Date.swift */,
				6350EF7F1D9AE6D5005184ED /* DateHelpers.swift */,
				6350EF801D9AE6D5005184ED /* DayCounter.swift */,
				6350EF811D9AE6D5005184ED /* Info.plist */,
				6350EF821D9AE6D5005184ED /* NL365.swift */,
				6350EF831D9AE6D5005184ED /* TargetCalendar.swift */,
				6350EF841D9AE6D5005184ED /* Term.swift */,
				6350EF851D9AE6D5005184ED /* Thirty360.swift */,
				6350EF861D9AE6D5005184ED /* UnitedKingdomCalendar.swift */,
				6350EF871D9AE6D5005184ED /* UnitedStatesCalendar.swift */,
			);
			name = Date;
			path = "Third-Parties/Date";
			sourceTree = "<group>";
		};
		6350EF971D9AE797005184ED /* SwiftDate */ = {
			isa = PBXGroup;
			children = (
				6350EF981D9AE797005184ED /* Additions.swift */,
				6350EF991D9AE797005184ED /* DateFormatter.swift */,
				6350EF9A1D9AE797005184ED /* DateInRegion+Comparisons.swift */,
				6350EF9B1D9AE797005184ED /* DateInRegion+Components.swift */,
				6350EF9C1D9AE797005184ED /* DateInRegion+Equations.swift */,
				6350EF9D1D9AE797005184ED /* DateInRegion+Formatter.swift */,
				6350EF9E1D9AE797005184ED /* DateInRegion+NSDatePort.swift */,
				6350EF9F1D9AE797005184ED /* DateInRegion+Operations.swift */,
				6350EFA01D9AE797005184ED /* DateInRegion+StartEnd.swift */,
				6350EFA11D9AE797005184ED /* DateInRegion.swift */,
				6350EFA21D9AE797005184ED /* Dictionary+SwiftDate.swift */,
				6350EFA31D9AE797005184ED /* NSCalendar+SwiftDate.swift */,
				6350EFA41D9AE797005184ED /* NSDate+SwiftDate.swift */,
				6350EFA51D9AE797005184ED /* NSDateComponents+SwiftDate.swift */,
				6350EFA61D9AE797005184ED /* NSDateFormatter+SwiftDate.swift */,
				6350EFA71D9AE797005184ED /* NSDateInterval.swift */,
				6350EFA81D9AE797005184ED /* NSLocale+SwiftDate.swift */,
				6350EFA91D9AE797005184ED /* NSTimeInterval+SwiftDate.swift */,
				6350EFAA1D9AE797005184ED /* NSTimeZone+SwiftDate.swift */,
				6350EFAB1D9AE797005184ED /* Region.swift */,
				6350EFAC1D9AE797005184ED /* SwiftDate.bundle */,
			);
			name = SwiftDate;
			path = "Third-Parties/SwiftDate";
			sourceTree = "<group>";
		};
		63A5AF6C1D7CB84D00EF3028 /* Third-Parties */ = {
			isa = PBXGroup;
			children = (
				6350EF781D9AE6D5005184ED /* Date */,
				6300B5D41D864E3C00D23FD2 /* SCLAlertView */,
				6300B5D81D864E3C00D23FD2 /* SkyFloatingLabelTextField */,
				6300B5EC1D864E3C00D23FD2 /* TKAnimatedCheckButton.swift */,
				6350EF971D9AE797005184ED /* SwiftDate */,
				6300B5ED1D864E3C00D23FD2 /* WWCalendarTimeSelector */,
				6300B5F61D864E3C00D23FD2 /* ZFRippleButton.swift */,
			);
			name = "Third-Parties";
			sourceTree = "<group>";
		};
		63A8AB8F1D7CC274002468E1 /* Classes */ = {
			isa = PBXGroup;
			children = (
				63A8AB8D1D7CC133002468E1 /* Assignments.swift */,
				63A5AF6A1D7CB6A500EF3028 /* Gib.swift */,
				63D51C821D7FBD1000CA5801 /* General.swift */,
				63D51C841D7FC27A00CA5801 /* Hash.swift */,
				63184CBA1D87139300E6770F /* Classes.swift */,
			);
			name = Classes;
			sourceTree = "<group>";
		};
		63D12D281D7C02100018651E = {
			isa = PBXGroup;
			children = (
				63D12D331D7C02100018651E /* Assignments */,
				63D12D4A1D7C02100018651E /* AssignmentsTests */,
				63D12D551D7C02100018651E /* AssignmentsUITests */,
				63D12D321D7C02100018651E /* Products */,
			);
			sourceTree = "<group>";
		};
		63D12D321D7C02100018651E /* Products */ = {
			isa = PBXGroup;
			children = (
				63D12D311D7C02100018651E /* Assignments.app */,
				63D12D471D7C02100018651E /* AssignmentsTests.xctest */,
				63D12D521D7C02100018651E /* AssignmentsUITests.xctest */,
			);
			name = Products;
			sourceTree = "<group>";
		};
		63D12D331D7C02100018651E /* Assignments */ = {
			isa = PBXGroup;
			children = (
				63D12D341D7C02100018651E /* AppDelegate.swift */,
				63D12D3A1D7C02100018651E /* Main.storyboard */,
				63D12D3D1D7C02100018651E /* Assets.xcassets */,
				63D12D3F1D7C02100018651E /* LaunchScreen.storyboard */,
				63D12D421D7C02100018651E /* Info.plist */,
				631A7E141D7D054D009D7CA7 /* Forms */,
				63A8AB8F1D7CC274002468E1 /* Classes */,
				63A5AF6C1D7CB84D00EF3028 /* Third-Parties */,
			);
			path = Assignments;
			sourceTree = "<group>";
		};
		63D12D4A1D7C02100018651E /* AssignmentsTests */ = {
			isa = PBXGroup;
			children = (
				63D12D4B1D7C02100018651E /* AssignmentsTests.swift */,
				63D12D4D1D7C02100018651E /* Info.plist */,
			);
			path = AssignmentsTests;
			sourceTree = "<group>";
		};
		63D12D551D7C02100018651E /* AssignmentsUITests */ = {
			isa = PBXGroup;
			children = (
				63D12D561D7C02100018651E /* AssignmentsUITests.swift */,
				63D12D581D7C02100018651E /* Info.plist */,
			);
			path = AssignmentsUITests;
			sourceTree = "<group>";
		};
/* End PBXGroup section */

/* Begin PBXNativeTarget section */
		63D12D301D7C02100018651E /* Assignments */ = {
			isa = PBXNativeTarget;
			buildConfigurationList = 63D12D5B1D7C02100018651E /* Build configuration list for PBXNativeTarget "Assignments" */;
			buildPhases = (
				63D12D2D1D7C02100018651E /* Sources */,
				63D12D2E1D7C02100018651E /* Frameworks */,
				63D12D2F1D7C02100018651E /* Resources */,
			);
			buildRules = (
			);
			dependencies = (
			);
			name = Assignments;
			productName = Assignments;
			productReference = 63D12D311D7C02100018651E /* Assignments.app */;
			productType = "com.apple.product-type.application";
		};
		63D12D461D7C02100018651E /* AssignmentsTests */ = {
			isa = PBXNativeTarget;
			buildConfigurationList = 63D12D5E1D7C02100018651E /* Build configuration list for PBXNativeTarget "AssignmentsTests" */;
			buildPhases = (
				63D12D431D7C02100018651E /* Sources */,
				63D12D441D7C02100018651E /* Frameworks */,
				63D12D451D7C02100018651E /* Resources */,
			);
			buildRules = (
			);
			dependencies = (
				63D12D491D7C02100018651E /* PBXTargetDependency */,
			);
			name = AssignmentsTests;
			productName = AssignmentsTests;
			productReference = 63D12D471D7C02100018651E /* AssignmentsTests.xctest */;
			productType = "com.apple.product-type.bundle.unit-test";
		};
		63D12D511D7C02100018651E /* AssignmentsUITests */ = {
			isa = PBXNativeTarget;
			buildConfigurationList = 63D12D611D7C02100018651E /* Build configuration list for PBXNativeTarget "AssignmentsUITests" */;
			buildPhases = (
				63D12D4E1D7C02100018651E /* Sources */,
				63D12D4F1D7C02100018651E /* Frameworks */,
				63D12D501D7C02100018651E /* Resources */,
			);
			buildRules = (
			);
			dependencies = (
				63D12D541D7C02100018651E /* PBXTargetDependency */,
			);
			name = AssignmentsUITests;
			productName = AssignmentsUITests;
			productReference = 63D12D521D7C02100018651E /* AssignmentsUITests.xctest */;
			productType = "com.apple.product-type.bundle.ui-testing";
		};
/* End PBXNativeTarget section */

/* Begin PBXProject section */
		63D12D291D7C02100018651E /* Project object */ = {
			isa = PBXProject;
			attributes = {
				LastSwiftUpdateCheck = 0730;
				LastUpgradeCheck = 0730;
				ORGANIZATIONNAME = "David Chen";
				TargetAttributes = {
					63D12D301D7C02100018651E = {
						CreatedOnToolsVersion = 7.3.1;
						DevelopmentTeam = FLLKWS94W7;
						LastSwiftMigration = 0800;
					};
					63D12D461D7C02100018651E = {
						CreatedOnToolsVersion = 7.3.1;
						LastSwiftMigration = 0800;
						TestTargetID = 63D12D301D7C02100018651E;
					};
					63D12D511D7C02100018651E = {
						CreatedOnToolsVersion = 7.3.1;
						LastSwiftMigration = 0800;
						TestTargetID = 63D12D301D7C02100018651E;
					};
				};
			};
			buildConfigurationList = 63D12D2C1D7C02100018651E /* Build configuration list for PBXProject "Assignments" */;
			compatibilityVersion = "Xcode 3.2";
			developmentRegion = English;
			hasScannedForEncodings = 0;
			knownRegions = (
				en,
				Base,
			);
			mainGroup = 63D12D281D7C02100018651E;
			productRefGroup = 63D12D321D7C02100018651E /* Products */;
			projectDirPath = "";
			projectRoot = "";
			targets = (
				63D12D301D7C02100018651E /* Assignments */,
				63D12D461D7C02100018651E /* AssignmentsTests */,
				63D12D511D7C02100018651E /* AssignmentsUITests */,
			);
		};
/* End PBXProject section */

/* Begin PBXResourcesBuildPhase section */
		63D12D2F1D7C02100018651E /* Resources */ = {
			isa = PBXResourcesBuildPhase;
			buildActionMask = 2147483647;
			files = (
				6300B5F71D864E3C00D23FD2 /* Info.plist in Resources */,
				63D12D411D7C02100018651E /* LaunchScreen.storyboard in Resources */,
				6350EFC11D9AE797005184ED /* SwiftDate.bundle in Resources */,
				6350EF901D9AE6D5005184ED /* Info.plist in Resources */,
				63D12D3E1D7C02100018651E /* Assets.xcassets in Resources */,
				6300B6131D864E3D00D23FD2 /* WWCalendarTimeSelector.storyboard in Resources */,
				63D12D3C1D7C02100018651E /* Main.storyboard in Resources */,
			);
			runOnlyForDeploymentPostprocessing = 0;
		};
		63D12D451D7C02100018651E /* Resources */ = {
			isa = PBXResourcesBuildPhase;
			buildActionMask = 2147483647;
			files = (
			);
			runOnlyForDeploymentPostprocessing = 0;
		};
		63D12D501D7C02100018651E /* Resources */ = {
			isa = PBXResourcesBuildPhase;
			buildActionMask = 2147483647;
			files = (
			);
			runOnlyForDeploymentPostprocessing = 0;
		};
/* End PBXResourcesBuildPhase section */

/* Begin PBXSourcesBuildPhase section */
		63D12D2D1D7C02100018651E /* Sources */ = {
			isa = PBXSourcesBuildPhase;
			buildActionMask = 2147483647;
			files = (
				6350EFB41D9AE797005184ED /* DateInRegion+Operations.swift in Sources */,
				6300B6121D864E3D00D23FD2 /* String+Timepiece.swift in Sources */,
				6300B5FC1D864E3C00D23FD2 /* UITextField+fixCaretPosition.swift in Sources */,
				6350EFC01D9AE797005184ED /* Region.swift in Sources */,
				6300B5F91D864E3C00D23FD2 /* SCLExtensions.swift in Sources */,
				6350EF911D9AE6D5005184ED /* NL365.swift in Sources */,
				6350EF8D1D9AE6D5005184ED /* Date.swift in Sources */,
				6350EFB21D9AE797005184ED /* DateInRegion+Formatter.swift in Sources */,
				63D51C851D7FC27A00CA5801 /* Hash.swift in Sources */,
				6350EFB71D9AE797005184ED /* Dictionary+SwiftDate.swift in Sources */,
				63A8AB8E1D7CC133002468E1 /* Assignments.swift in Sources */,
				6350EFBE1D9AE797005184ED /* NSTimeInterval+SwiftDate.swift in Sources */,
				6350EFBB1D9AE797005184ED /* NSDateFormatter+SwiftDate.swift in Sources */,
				6350EF931D9AE6D5005184ED /* Term.swift in Sources */,
				6350EFAD1D9AE797005184ED /* Additions.swift in Sources */,
				6300B60C1D864E3D00D23FD2 /* TKAnimatedCheckButton.swift in Sources */,
				6350EFBF1D9AE797005184ED /* NSTimeZone+SwiftDate.swift in Sources */,
				63A8AB911D7CC57E002468E1 /* FrmAssignmentList.swift in Sources */,
				6300B6101D864E3D00D23FD2 /* NSDate+Timepiece.swift in Sources */,
				6350EFBD1D9AE797005184ED /* NSLocale+SwiftDate.swift in Sources */,
				637C1F4D1D98F6C5005DC7E0 /* FrmAssignmentListLeft.swift in Sources */,
				63D12D371D7C02100018651E /* FrmClassList.swift in Sources */,
				6350EFB11D9AE797005184ED /* DateInRegion+Equations.swift in Sources */,
				6350EF8E1D9AE6D5005184ED /* DateHelpers.swift in Sources */,
				63641C771D7E84920083A9E6 /* FrmNewAssignment.swift in Sources */,
				631A7E521D7D0A68009D7CA7 /* uiviewcoViewController.swift in Sources */,
				6350EFB31D9AE797005184ED /* DateInRegion+NSDatePort.swift in Sources */,
				6350EF8C1D9AE6D5005184ED /* Calendar.swift in Sources */,
				6350EF8A1D9AE6D5005184ED /* ActualActual.swift in Sources */,
				6350EF881D9AE6D5005184ED /* Actual360.swift in Sources */,
				6300B5FA1D864E3C00D23FD2 /* SkyFloatingLabelTextField.swift in Sources */,
				6350EFB81D9AE797005184ED /* NSCalendar+SwiftDate.swift in Sources */,
				63A5AF6B1D7CB6A500EF3028 /* Gib.swift in Sources */,
				6300B6111D864E3D00D23FD2 /* NSDateComponents+Timepiece.swift in Sources */,
				6300B60F1D864E3D00D23FD2 /* NSCalendar+Timepiece.swift in Sources */,
				6350EFAE1D9AE797005184ED /* DateFormatter.swift in Sources */,
				6300B5FB1D864E3C00D23FD2 /* SkyFloatingLabelTextFieldWithIcon.swift in Sources */,
				6350EFBA1D9AE797005184ED /* NSDateComponents+SwiftDate.swift in Sources */,
				6300B6141D864E3D00D23FD2 /* WWCalendarTimeSelector.swift in Sources */,
				6350EFBC1D9AE797005184ED /* NSDateInterval.swift in Sources */,
				6350EFAF1D9AE797005184ED /* DateInRegion+Comparisons.swift in Sources */,
				6350EFB51D9AE797005184ED /* DateInRegion+StartEnd.swift in Sources */,
				6350EFB91D9AE797005184ED /* NSDate+SwiftDate.swift in Sources */,
				6350EF941D9AE6D5005184ED /* Thirty360.swift in Sources */,
				6350EF8F1D9AE6D5005184ED /* DayCounter.swift in Sources */,
				6350EF891D9AE6D5005184ED /* Actual365Fixed.swift in Sources */,
				6350EF961D9AE6D5005184ED /* UnitedStatesCalendar.swift in Sources */,
				63D12D351D7C02100018651E /* AppDelegate.swift in Sources */,
				6350EF8B1D9AE6D5005184ED /* BizDayRule.swift in Sources */,
				631A7E131D7D0542009D7CA7 /* FrmAssignmentList_Cell.swift in Sources */,
				6350EFB61D9AE797005184ED /* DateInRegion.swift in Sources */,
				63184CBB1D87139300E6770F /* Classes.swift in Sources */,
				6300B60E1D864E3D00D23FD2 /* Int+Timepiece.swift in Sources */,
				6350EF951D9AE6D5005184ED /* UnitedKingdomCalendar.swift in Sources */,
				6300B60D1D864E3D00D23FD2 /* Duration.swift in Sources */,
				6350EF921D9AE6D5005184ED /* TargetCalendar.swift in Sources */,
				6300B5F81D864E3C00D23FD2 /* SCLAlertView.swift in Sources */,
				63D51C831D7FBD1000CA5801 /* General.swift in Sources */,
				6350EFB01D9AE797005184ED /* DateInRegion+Components.swift in Sources */,
				6300B6151D864E3D00D23FD2 /* ZFRippleButton.swift in Sources */,
			);
			runOnlyForDeploymentPostprocessing = 0;
		};
		63D12D431D7C02100018651E /* Sources */ = {
			isa = PBXSourcesBuildPhase;
			buildActionMask = 2147483647;
			files = (
				63D12D4C1D7C02100018651E /* AssignmentsTests.swift in Sources */,
			);
			runOnlyForDeploymentPostprocessing = 0;
		};
		63D12D4E1D7C02100018651E /* Sources */ = {
			isa = PBXSourcesBuildPhase;
			buildActionMask = 2147483647;
			files = (
				63D12D571D7C02100018651E /* AssignmentsUITests.swift in Sources */,
			);
			runOnlyForDeploymentPostprocessing = 0;
		};
/* End PBXSourcesBuildPhase section */

/* Begin PBXTargetDependency section */
		63D12D491D7C02100018651E /* PBXTargetDependency */ = {
			isa = PBXTargetDependency;
			target = 63D12D301D7C02100018651E /* Assignments */;
			targetProxy = 63D12D481D7C02100018651E /* PBXContainerItemProxy */;
		};
		63D12D541D7C02100018651E /* PBXTargetDependency */ = {
			isa = PBXTargetDependency;
			target = 63D12D301D7C02100018651E /* Assignments */;
			targetProxy = 63D12D531D7C02100018651E /* PBXContainerItemProxy */;
		};
/* End PBXTargetDependency section */

/* Begin PBXVariantGroup section */
		63D12D3A1D7C02100018651E /* Main.storyboard */ = {
			isa = PBXVariantGroup;
			children = (
				63D12D3B1D7C02100018651E /* Base */,
			);
			name = Main.storyboard;
			sourceTree = "<group>";
		};
		63D12D3F1D7C02100018651E /* LaunchScreen.storyboard */ = {
			isa = PBXVariantGroup;
			children = (
				63D12D401D7C02100018651E /* Base */,
			);
			name = LaunchScreen.storyboard;
			sourceTree = "<group>";
		};
/* End PBXVariantGroup section */

/* Begin XCBuildConfiguration section */
		63D12D591D7C02100018651E /* Debug */ = {
			isa = XCBuildConfiguration;
			buildSettings = {
				ALWAYS_SEARCH_USER_PATHS = NO;
				CLANG_ANALYZER_NONNULL = YES;
				CLANG_CXX_LANGUAGE_STANDARD = "gnu++0x";
				CLANG_CXX_LIBRARY = "libc++";
				CLANG_ENABLE_MODULES = YES;
				CLANG_ENABLE_OBJC_ARC = YES;
				CLANG_WARN_BOOL_CONVERSION = YES;
				CLANG_WARN_CONSTANT_CONVERSION = YES;
				CLANG_WARN_DIRECT_OBJC_ISA_USAGE = YES_ERROR;
				CLANG_WARN_EMPTY_BODY = YES;
				CLANG_WARN_ENUM_CONVERSION = YES;
				CLANG_WARN_INT_CONVERSION = YES;
				CLANG_WARN_OBJC_ROOT_CLASS = YES_ERROR;
				CLANG_WARN_UNREACHABLE_CODE = YES;
				CLANG_WARN__DUPLICATE_METHOD_MATCH = YES;
				"CODE_SIGN_IDENTITY[sdk=iphoneos*]" = "iPhone Developer";
				COPY_PHASE_STRIP = NO;
				DEBUG_INFORMATION_FORMAT = dwarf;
				ENABLE_STRICT_OBJC_MSGSEND = YES;
				ENABLE_TESTABILITY = YES;
				GCC_C_LANGUAGE_STANDARD = gnu99;
				GCC_DYNAMIC_NO_PIC = NO;
				GCC_NO_COMMON_BLOCKS = YES;
				GCC_OPTIMIZATION_LEVEL = 0;
				GCC_PREPROCESSOR_DEFINITIONS = (
					"DEBUG=1",
					"$(inherited)",
				);
				GCC_WARN_64_TO_32_BIT_CONVERSION = YES;
				GCC_WARN_ABOUT_RETURN_TYPE = YES_ERROR;
				GCC_WARN_UNDECLARED_SELECTOR = YES;
				GCC_WARN_UNINITIALIZED_AUTOS = YES_AGGRESSIVE;
				GCC_WARN_UNUSED_FUNCTION = YES;
				GCC_WARN_UNUSED_VARIABLE = YES;
				IPHONEOS_DEPLOYMENT_TARGET = 9.3;
				MTL_ENABLE_DEBUG_INFO = YES;
				ONLY_ACTIVE_ARCH = YES;
				SDKROOT = iphoneos;
				SWIFT_OPTIMIZATION_LEVEL = "-Onone";
				TARGETED_DEVICE_FAMILY = 2;
			};
			name = Debug;
		};
		63D12D5A1D7C02100018651E /* Release */ = {
			isa = XCBuildConfiguration;
			buildSettings = {
				ALWAYS_SEARCH_USER_PATHS = NO;
				CLANG_ANALYZER_NONNULL = YES;
				CLANG_CXX_LANGUAGE_STANDARD = "gnu++0x";
				CLANG_CXX_LIBRARY = "libc++";
				CLANG_ENABLE_MODULES = YES;
				CLANG_ENABLE_OBJC_ARC = YES;
				CLANG_WARN_BOOL_CONVERSION = YES;
				CLANG_WARN_CONSTANT_CONVERSION = YES;
				CLANG_WARN_DIRECT_OBJC_ISA_USAGE = YES_ERROR;
				CLANG_WARN_EMPTY_BODY = YES;
				CLANG_WARN_ENUM_CONVERSION = YES;
				CLANG_WARN_INT_CONVERSION = YES;
				CLANG_WARN_OBJC_ROOT_CLASS = YES_ERROR;
				CLANG_WARN_UNREACHABLE_CODE = YES;
				CLANG_WARN__DUPLICATE_METHOD_MATCH = YES;
				"CODE_SIGN_IDENTITY[sdk=iphoneos*]" = "iPhone Developer";
				COPY_PHASE_STRIP = NO;
				DEBUG_INFORMATION_FORMAT = "dwarf-with-dsym";
				ENABLE_NS_ASSERTIONS = NO;
				ENABLE_STRICT_OBJC_MSGSEND = YES;
				GCC_C_LANGUAGE_STANDARD = gnu99;
				GCC_NO_COMMON_BLOCKS = YES;
				GCC_WARN_64_TO_32_BIT_CONVERSION = YES;
				GCC_WARN_ABOUT_RETURN_TYPE = YES_ERROR;
				GCC_WARN_UNDECLARED_SELECTOR = YES;
				GCC_WARN_UNINITIALIZED_AUTOS = YES_AGGRESSIVE;
				GCC_WARN_UNUSED_FUNCTION = YES;
				GCC_WARN_UNUSED_VARIABLE = YES;
				IPHONEOS_DEPLOYMENT_TARGET = 9.3;
				MTL_ENABLE_DEBUG_INFO = NO;
				SDKROOT = iphoneos;
				TARGETED_DEVICE_FAMILY = 2;
				VALIDATE_PRODUCT = YES;
			};
			name = Release;
		};
		63D12D5C1D7C02100018651E /* Debug */ = {
			isa = XCBuildConfiguration;
			buildSettings = {
				ASSETCATALOG_COMPILER_APPICON_NAME = AppIcon;
				CODE_SIGN_IDENTITY = "iPhone Developer";
				"CODE_SIGN_IDENTITY[sdk=iphoneos*]" = "iPhone Developer";
				INFOPLIST_FILE = Assignments/Info.plist;
				IPHONEOS_DEPLOYMENT_TARGET = 9.0;
				LD_RUNPATH_SEARCH_PATHS = "$(inherited) @executable_path/Frameworks";
				PRODUCT_BUNDLE_IDENTIFIER = cc.cwsoft.Assignments;
				PRODUCT_NAME = "$(TARGET_NAME)";
				PROVISIONING_PROFILE = "";
				SWIFT_VERSION = 2.3;
				TARGETED_DEVICE_FAMILY = 2;
			};
			name = Debug;
		};
		63D12D5D1D7C02100018651E /* Release */ = {
			isa = XCBuildConfiguration;
			buildSettings = {
				ASSETCATALOG_COMPILER_APPICON_NAME = AppIcon;
				CODE_SIGN_IDENTITY = "iPhone Developer";
				"CODE_SIGN_IDENTITY[sdk=iphoneos*]" = "iPhone Developer";
				INFOPLIST_FILE = Assignments/Info.plist;
				IPHONEOS_DEPLOYMENT_TARGET = 9.0;
				LD_RUNPATH_SEARCH_PATHS = "$(inherited) @executable_path/Frameworks";
				PRODUCT_BUNDLE_IDENTIFIER = cc.cwsoft.Assignments;
				PRODUCT_NAME = "$(TARGET_NAME)";
				PROVISIONING_PROFILE = "";
				SWIFT_VERSION = 2.3;
				TARGETED_DEVICE_FAMILY = 2;
			};
			name = Release;
		};
		63D12D5F1D7C02100018651E /* Debug */ = {
			isa = XCBuildConfiguration;
			buildSettings = {
				BUNDLE_LOADER = "$(TEST_HOST)";
				INFOPLIST_FILE = AssignmentsTests/Info.plist;
				LD_RUNPATH_SEARCH_PATHS = "$(inherited) @executable_path/Frameworks @loader_path/Frameworks";
				PRODUCT_BUNDLE_IDENTIFIER = cc.cwsoft.AssignmentsTests;
				PRODUCT_NAME = "$(TARGET_NAME)";
				SWIFT_VERSION = 2.3;
				TEST_HOST = "$(BUILT_PRODUCTS_DIR)/Assignments.app/Assignments";
			};
			name = Debug;
		};
		63D12D601D7C02100018651E /* Release */ = {
			isa = XCBuildConfiguration;
			buildSettings = {
				BUNDLE_LOADER = "$(TEST_HOST)";
				INFOPLIST_FILE = AssignmentsTests/Info.plist;
				LD_RUNPATH_SEARCH_PATHS = "$(inherited) @executable_path/Frameworks @loader_path/Frameworks";
				PRODUCT_BUNDLE_IDENTIFIER = cc.cwsoft.AssignmentsTests;
				PRODUCT_NAME = "$(TARGET_NAME)";
				SWIFT_VERSION = 2.3;
				TEST_HOST = "$(BUILT_PRODUCTS_DIR)/Assignments.app/Assignments";
			};
			name = Release;
		};
		63D12D621D7C02100018651E /* Debug */ = {
			isa = XCBuildConfiguration;
			buildSettings = {
				INFOPLIST_FILE = AssignmentsUITests/Info.plist;
				LD_RUNPATH_SEARCH_PATHS = "$(inherited) @executable_path/Frameworks @loader_path/Frameworks";
				PRODUCT_BUNDLE_IDENTIFIER = cc.cwsoft.AssignmentsUITests;
				PRODUCT_NAME = "$(TARGET_NAME)";
				SWIFT_VERSION = 2.3;
				TEST_TARGET_NAME = Assignments;
			};
			name = Debug;
		};
		63D12D631D7C02100018651E /* Release */ = {
			isa = XCBuildConfiguration;
			buildSettings = {
				INFOPLIST_FILE = AssignmentsUITests/Info.plist;
				LD_RUNPATH_SEARCH_PATHS = "$(inherited) @executable_path/Frameworks @loader_path/Frameworks";
				PRODUCT_BUNDLE_IDENTIFIER = cc.cwsoft.AssignmentsUITests;
				PRODUCT_NAME = "$(TARGET_NAME)";
				SWIFT_VERSION = 2.3;
				TEST_TARGET_NAME = Assignments;
			};
			name = Release;
		};
/* End XCBuildConfiguration section */

/* Begin XCConfigurationList section */
		63D12D2C1D7C02100018651E /* Build configuration list for PBXProject "Assignments" */ = {
			isa = XCConfigurationList;
			buildConfigurations = (
				63D12D591D7C02100018651E /* Debug */,
				63D12D5A1D7C02100018651E /* Release */,
			);
			defaultConfigurationIsVisible = 0;
			defaultConfigurationName = Release;
		};
		63D12D5B1D7C02100018651E /* Build configuration list for PBXNativeTarget "Assignments" */ = {
			isa = XCConfigurationList;
			buildConfigurations = (
				63D12D5C1D7C02100018651E /* Debug */,
				63D12D5D1D7C02100018651E /* Release */,
			);
			defaultConfigurationIsVisible = 0;
			defaultConfigurationName = Release;
		};
		63D12D5E1D7C02100018651E /* Build configuration list for PBXNativeTarget "AssignmentsTests" */ = {
			isa = XCConfigurationList;
			buildConfigurations = (
				63D12D5F1D7C02100018651E /* Debug */,
				63D12D601D7C02100018651E /* Release */,
			);
			defaultConfigurationIsVisible = 0;
			defaultConfigurationName = Release;
		};
		63D12D611D7C02100018651E /* Build configuration list for PBXNativeTarget "AssignmentsUITests" */ = {
			isa = XCConfigurationList;
			buildConfigurations = (
				63D12D621D7C02100018651E /* Debug */,
				63D12D631D7C02100018651E /* Release */,
			);
			defaultConfigurationIsVisible = 0;
			defaultConfigurationName = Release;
		};
/* End XCConfigurationList section */
	};
	rootObject = 63D12D291D7C02100018651E /* Project object */;
}
